
Microsoft Visual Studio Solution File, Format Version 10.00
# Visual Studio 2008
Project("{FAE04EC0-301F-11D3-BF4B-00C04F79EFBC}") = "OpenMobile", "OpenMobile\OpenMobile.csproj", "{2B8C8EB5-EBA3-4FAA-8AA7-7421F8FDDAC8}"
EndProject
Project("{FAE04EC0-301F-11D3-BF4B-00C04F79EFBC}") = "OpenMobile.Framework", "OpenMobile.Framework\OpenMobile.Framework.csproj", "{A7656801-BDB8-4964-9AF5-F52CB23EC1D8}"
EndProject
Project("{FAE04EC0-301F-11D3-BF4B-00C04F79EFBC}") = "OMWinHal", "..\Plugins\OMWinHal\OMWinHal.csproj", "{4C918B7A-72C6-4CBA-9839-C5A9FB564B32}"
EndProject
Project("{FAE04EC0-301F-11D3-BF4B-00C04F79EFBC}") = "MainMenu", "..\Plugins\MainMenu\MainMenu.csproj", "{E5B7B6AE-8B54-4D78-9E78-A5DA277DD30A}"
EndProject
Project("{FAE04EC0-301F-11D3-BF4B-00C04F79EFBC}") = "UI", "..\Plugins\UI\UI.csproj", "{A0F59B9B-C8B7-4A91-ACDA-9F35C60D3DBD}"
EndProject
Project("{FAE04EC0-301F-11D3-BF4B-00C04F79EFBC}") = "Media", "..\Plugins\Media\Media.csproj", "{D2989666-BA3C-447F-BE90-7A0630C290CB}"
EndProject
Project("{FAE04EC0-301F-11D3-BF4B-00C04F79EFBC}") = "TagLib", "..\Plugins\TagLib\TagLib.csproj", "{087D2157-E9B3-4CE1-8304-89B421328111}"
EndProject
Project("{FAE04EC0-301F-11D3-BF4B-00C04F79EFBC}") = "OMMediaDB", "..\Plugins\OMMediaDB\OMMediaDB.csproj", "{1E5CFF3D-3EFF-459B-A302-BA12F5CC6079}"
EndProject
Project("{FAE04EC0-301F-11D3-BF4B-00C04F79EFBC}") = "OMPlayer", "..\Plugins\omPlayer\OMPlayer.csproj", "{20FBEEA4-92C2-409E-9448-219CE60C0041}"
EndProject
Project("{FAE04EC0-301F-11D3-BF4B-00C04F79EFBC}") = "OSK", "..\Plugins\OSK\OSK.csproj", "{ED2CD8E9-1C0F-4CC7-B163-34F72093AF75}"
EndProject
Project("{FAE04EC0-301F-11D3-BF4B-00C04F79EFBC}") = "OMSettings", "..\Plugins\OMSettings\OMSettings.csproj", "{DDF02877-DEAE-45EF-B126-38F31C529043}"
EndProject
Project("{FAE04EC0-301F-11D3-BF4B-00C04F79EFBC}") = "OMDir", "..\Plugins\OMDir\OMDir.csproj", "{D2A6A245-3C4E-4208-B436-BF6DD8E31789}"
EndProject
Project("{FAE04EC0-301F-11D3-BF4B-00C04F79EFBC}") = "Radio", "..\Plugins\Radio\Radio.csproj", "{932DE238-14C8-4D0E-840A-646E165D9947}"
EndProject
Project("{FAE04EC0-301F-11D3-BF4B-00C04F79EFBC}") = "ControlDemo", "..\Plugins\ControlDemo\ControlDemo.csproj", "{CF16AA25-58E4-40A1-9137-40CF48FB38EC}"
EndProject
Global
	GlobalSection(SolutionConfigurationPlatforms) = preSolution
		Debug|Any CPU = Debug|Any CPU
		Release|Any CPU = Release|Any CPU
	EndGlobalSection
	GlobalSection(ProjectConfigurationPlatforms) = postSolution
		{2B8C8EB5-EBA3-4FAA-8AA7-7421F8FDDAC8}.Debug|Any CPU.ActiveCfg = Debug|Any CPU
		{2B8C8EB5-EBA3-4FAA-8AA7-7421F8FDDAC8}.Debug|Any CPU.Build.0 = Debug|Any CPU
		{2B8C8EB5-EBA3-4FAA-8AA7-7421F8FDDAC8}.Release|Any CPU.ActiveCfg = Release|Any CPU
		{2B8C8EB5-EBA3-4FAA-8AA7-7421F8FDDAC8}.Release|Any CPU.Build.0 = Release|Any CPU
		{A7656801-BDB8-4964-9AF5-F52CB23EC1D8}.Debug|Any CPU.ActiveCfg = Debug|Any CPU
		{A7656801-BDB8-4964-9AF5-F52CB23EC1D8}.Debug|Any CPU.Build.0 = Debug|Any CPU
		{A7656801-BDB8-4964-9AF5-F52CB23EC1D8}.Release|Any CPU.ActiveCfg = Release|Any CPU
		{A7656801-BDB8-4964-9AF5-F52CB23EC1D8}.Release|Any CPU.Build.0 = Release|Any CPU
		{4C918B7A-72C6-4CBA-9839-C5A9FB564B32}.Debug|Any CPU.ActiveCfg = Debug|Any CPU
		{4C918B7A-72C6-4CBA-9839-C5A9FB564B32}.Debug|Any CPU.Build.0 = Debug|Any CPU
		{4C918B7A-72C6-4CBA-9839-C5A9FB564B32}.Release|Any CPU.ActiveCfg = Release|Any CPU
		{4C918B7A-72C6-4CBA-9839-C5A9FB564B32}.Release|Any CPU.Build.0 = Release|Any CPU
		{E5B7B6AE-8B54-4D78-9E78-A5DA277DD30A}.Debug|Any CPU.ActiveCfg = Debug|Any CPU
		{E5B7B6AE-8B54-4D78-9E78-A5DA277DD30A}.Debug|Any CPU.Build.0 = Debug|Any CPU
		{E5B7B6AE-8B54-4D78-9E78-A5DA277DD30A}.Release|Any CPU.ActiveCfg = Release|Any CPU
		{E5B7B6AE-8B54-4D78-9E78-A5DA277DD30A}.Release|Any CPU.Build.0 = Release|Any CPU
		{A0F59B9B-C8B7-4A91-ACDA-9F35C60D3DBD}.Debug|Any CPU.ActiveCfg = Debug|Any CPU
		{A0F59B9B-C8B7-4A91-ACDA-9F35C60D3DBD}.Debug|Any CPU.Build.0 = Debug|Any CPU
		{A0F59B9B-C8B7-4A91-ACDA-9F35C60D3DBD}.Release|Any CPU.ActiveCfg = Release|Any CPU
		{A0F59B9B-C8B7-4A91-ACDA-9F35C60D3DBD}.Release|Any CPU.Build.0 = Release|Any CPU
		{D2989666-BA3C-447F-BE90-7A0630C290CB}.Debug|Any CPU.ActiveCfg = Debug|Any CPU
		{D2989666-BA3C-447F-BE90-7A0630C290CB}.Debug|Any CPU.Build.0 = Debug|Any CPU
		{D2989666-BA3C-447F-BE90-7A0630C290CB}.Release|Any CPU.ActiveCfg = Release|Any CPU
		{D2989666-BA3C-447F-BE90-7A0630C290CB}.Release|Any CPU.Build.0 = Release|Any CPU
		{087D2157-E9B3-4CE1-8304-89B421328111}.Debug|Any CPU.ActiveCfg = Debug|Any CPU
		{087D2157-E9B3-4CE1-8304-89B421328111}.Debug|Any CPU.Build.0 = Debug|Any CPU
		{087D2157-E9B3-4CE1-8304-89B421328111}.Release|Any CPU.ActiveCfg = Release|Any CPU
		{087D2157-E9B3-4CE1-8304-89B421328111}.Release|Any CPU.Build.0 = Release|Any CPU
		{1E5CFF3D-3EFF-459B-A302-BA12F5CC6079}.Debug|Any CPU.ActiveCfg = Debug|Any CPU
		{1E5CFF3D-3EFF-459B-A302-BA12F5CC6079}.Debug|Any CPU.Build.0 = Debug|Any CPU
		{1E5CFF3D-3EFF-459B-A302-BA12F5CC6079}.Release|Any CPU.ActiveCfg = Release|Any CPU
		{1E5CFF3D-3EFF-459B-A302-BA12F5CC6079}.Release|Any CPU.Build.0 = Release|Any CPU
		{20FBEEA4-92C2-409E-9448-219CE60C0041}.Debug|Any CPU.ActiveCfg = Debug|Any CPU
		{20FBEEA4-92C2-409E-9448-219CE60C0041}.Debug|Any CPU.Build.0 = Debug|Any CPU
		{20FBEEA4-92C2-409E-9448-219CE60C0041}.Release|Any CPU.ActiveCfg = Release|Any CPU
		{20FBEEA4-92C2-409E-9448-219CE60C0041}.Release|Any CPU.Build.0 = Release|Any CPU
		{ED2CD8E9-1C0F-4CC7-B163-34F72093AF75}.Debug|Any CPU.ActiveCfg = Debug|Any CPU
		{ED2CD8E9-1C0F-4CC7-B163-34F72093AF75}.Debug|Any CPU.Build.0 = Debug|Any CPU
		{ED2CD8E9-1C0F-4CC7-B163-34F72093AF75}.Release|Any CPU.ActiveCfg = Release|Any CPU
		{ED2CD8E9-1C0F-4CC7-B163-34F72093AF75}.Release|Any CPU.Build.0 = Release|Any CPU
		{DDF02877-DEAE-45EF-B126-38F31C529043}.Debug|Any CPU.ActiveCfg = Debug|Any CPU
		{DDF02877-DEAE-45EF-B126-38F31C529043}.Debug|Any CPU.Build.0 = Debug|Any CPU
		{DDF02877-DEAE-45EF-B126-38F31C529043}.Release|Any CPU.ActiveCfg = Release|Any CPU
		{DDF02877-DEAE-45EF-B126-38F31C529043}.Release|Any CPU.Build.0 = Release|Any CPU
		{D2A6A245-3C4E-4208-B436-BF6DD8E31789}.Debug|Any CPU.ActiveCfg = Debug|Any CPU
		{D2A6A245-3C4E-4208-B436-BF6DD8E31789}.Debug|Any CPU.Build.0 = Debug|Any CPU
		{D2A6A245-3C4E-4208-B436-BF6DD8E31789}.Release|Any CPU.ActiveCfg = Release|Any CPU
		{D2A6A245-3C4E-4208-B436-BF6DD8E31789}.Release|Any CPU.Build.0 = Release|Any CPU
		{932DE238-14C8-4D0E-840A-646E165D9947}.Debug|Any CPU.ActiveCfg = Debug|Any CPU
		{932DE238-14C8-4D0E-840A-646E165D9947}.Debug|Any CPU.Build.0 = Debug|Any CPU
		{932DE238-14C8-4D0E-840A-646E165D9947}.Release|Any CPU.ActiveCfg = Release|Any CPU
		{932DE238-14C8-4D0E-840A-646E165D9947}.Release|Any CPU.Build.0 = Release|Any CPU
		{CF16AA25-58E4-40A1-9137-40CF48FB38EC}.Debug|Any CPU.ActiveCfg = Debug|Any CPU
		{CF16AA25-58E4-40A1-9137-40CF48FB38EC}.Debug|Any CPU.Build.0 = Debug|Any CPU
		{CF16AA25-58E4-40A1-9137-40CF48FB38EC}.Release|Any CPU.ActiveCfg = Release|Any CPU
		{CF16AA25-58E4-40A1-9137-40CF48FB38EC}.Release|Any CPU.Build.0 = Release|Any CPU
	EndGlobalSection
	GlobalSection(SolutionProperties) = preSolution
		HideSolutionNode = FALSE
	EndGlobalSection
EndGlobal
