
Microsoft Visual Studio Solution File, Format Version 10.00
# Visual Studio 2008
Project("{FAE04EC0-301F-11D3-BF4B-00C04F79EFBC}") = "OpenMobile", "OpenMobile\OpenMobile.csproj", "{2B8C8EB5-EBA3-4FAA-8AA7-7421F8FDDAC8}"
EndProject
Project("{FAE04EC0-301F-11D3-BF4B-00C04F79EFBC}") = "OpenMobile.Framework", "OpenMobile.Framework\OpenMobile.Framework.csproj", "{A7656801-BDB8-4964-9AF5-F52CB23EC1D8}"
EndProject
Project("{FAE04EC0-301F-11D3-BF4B-00C04F79EFBC}") = "OMWinHal", "..\Plugins\OMWinHal\OMWinHal.csproj", "{4C918B7A-72C6-4CBA-9839-C5A9FB564B32}"
EndProject
Project("{FAE04EC0-301F-11D3-BF4B-00C04F79EFBC}") = "TagLib", "..\Plugins\TagLib\TagLib.csproj", "{087D2157-E9B3-4CE1-8304-89B421328111}"
EndProject
Project("{FAE04EC0-301F-11D3-BF4B-00C04F79EFBC}") = "OMMediaDB", "..\Plugins\OMMediaDB\OMMediaDB.csproj", "{1E5CFF3D-3EFF-459B-A302-BA12F5CC6079}"
EndProject
Project("{FAE04EC0-301F-11D3-BF4B-00C04F79EFBC}") = "OMPlayer", "..\Plugins\omPlayer\OMPlayer.csproj", "{20FBEEA4-92C2-409E-9448-219CE60C0041}"
EndProject
Project("{FAE04EC0-301F-11D3-BF4B-00C04F79EFBC}") = "OSK", "..\Plugins\OSK\OSK.csproj", "{ED2CD8E9-1C0F-4CC7-B163-34F72093AF75}"
EndProject
Project("{FAE04EC0-301F-11D3-BF4B-00C04F79EFBC}") = "OMSettings", "..\Plugins\OMSettings\OMSettings.csproj", "{DDF02877-DEAE-45EF-B126-38F31C529043}"
EndProject
Project("{FAE04EC0-301F-11D3-BF4B-00C04F79EFBC}") = "OMDir", "..\Plugins\OMDir\OMDir.csproj", "{D2A6A245-3C4E-4208-B436-BF6DD8E31789}"
EndProject
Project("{FAE04EC0-301F-11D3-BF4B-00C04F79EFBC}") = "Radio", "..\Plugins\Radio\Radio.csproj", "{932DE238-14C8-4D0E-840A-646E165D9947}"
EndProject
Project("{FAE04EC0-301F-11D3-BF4B-00C04F79EFBC}") = "OMNotify", "..\Plugins\OMNotify\OMNotify.csproj", "{EC4799AC-9121-4517-9AEB-1E4702CF1542}"
EndProject
Project("{FAE04EC0-301F-11D3-BF4B-00C04F79EFBC}") = "DPGContacts", "..\Plugins\DPGContacts\DPGContacts.csproj", "{D6D627D3-3C46-4908-8EC8-78760C2BB374}"
EndProject
Project("{FAE04EC0-301F-11D3-BF4B-00C04F79EFBC}") = "Networking", "..\Plugins\Networking\Networking.csproj", "{779AEDF3-DD8D-44F5-BBD2-012A2F550EF3}"
EndProject
Project("{FAE04EC0-301F-11D3-BF4B-00C04F79EFBC}") = "OMDebug", "..\Plugins\OMDebug\OMDebug.csproj", "{C80AF7A1-7FAB-4EC1-9734-4D416BECA551}"
EndProject
Project("{FAE04EC0-301F-11D3-BF4B-00C04F79EFBC}") = "Video", "..\Plugins\Video\Video.csproj", "{3966C6FA-CF05-466A-8B4C-4CA3F147BDAF}"
EndProject
Project("{FAE04EC0-301F-11D3-BF4B-00C04F79EFBC}") = "OMWeather", "..\Plugins\OMWeather\OMWeather.csproj", "{BED3CC71-3403-40F3-AF2F-FC830FE3B38E}"
EndProject
Project("{FAE04EC0-301F-11D3-BF4B-00C04F79EFBC}") = "DPGWeather", "..\Plugins\DPGWeather\DPGWeather.csproj", "{645DC5B8-026F-4D2F-B96D-24A71C87854F}"
EndProject
Project("{FAE04EC0-301F-11D3-BF4B-00C04F79EFBC}") = "OpenMobile.Graphics", "OpenMobile.Graphics\OpenMobile.Graphics.csproj", "{E1727C23-C7FD-4FBA-B09F-7160B5947F85}"
EndProject
Project("{FAE04EC0-301F-11D3-BF4B-00C04F79EFBC}") = "BatterySupport", "..\Plugins\BatterySupport\BatterySupport.csproj", "{07CBEF9C-DB75-4B76-A3A8-76956D1BBE96}"
EndProject
Project("{FAE04EC0-301F-11D3-BF4B-00C04F79EFBC}") = "OMContacts", "..\Plugins\OMContacts\OMContacts.csproj", "{D71091AB-F622-4688-8B2B-377C3928F77F}"
EndProject
Project("{FAE04EC0-301F-11D3-BF4B-00C04F79EFBC}") = "DPEmail", "..\Plugins\DPEmail\DPEmail.csproj", "{B2483F87-566A-4AFD-9816-42BC6107CB3E}"
EndProject
Project("{FAE04EC0-301F-11D3-BF4B-00C04F79EFBC}") = "OpenMobile.Email", "..\..\branches\Libraries\OpenMobile.Email\OpenMobile.Email.csproj", "{8B2070DD-CBB9-4A42-9938-3814BCEDCEED}"
EndProject
Project("{FAE04EC0-301F-11D3-BF4B-00C04F79EFBC}") = "NewMedia", "..\Plugins\NewMedia\NewMedia.csproj", "{F15159CB-BC40-4ABD-B23F-B41320FF16B7}"
EndProject
Project("{FAE04EC0-301F-11D3-BF4B-00C04F79EFBC}") = "RemovableDB", "..\Plugins\RemovableDB\RemovableDB.csproj", "{A00BCAB4-8E1B-408A-AD08-D174928BFAA4}"
EndProject
Project("{FAE04EC0-301F-11D3-BF4B-00C04F79EFBC}") = "WinWifi", "..\Plugins\WinWifi\WinWifi.csproj", "{2CD462A0-5AE7-475A-8C52-6B2415089ACE}"
EndProject
Project("{FAE04EC0-301F-11D3-BF4B-00C04F79EFBC}") = "WinDialup", "..\Plugins\WinDialup\WinDialup.csproj", "{7198645A-5039-43E9-8FE0-F1972E38C12A}"
EndProject
Project("{FAE04EC0-301F-11D3-BF4B-00C04F79EFBC}") = "UI2", "..\Plugins\Highway\UI\UI2.csproj", "{4597154F-BA42-488E-8047-0756E0FEAAF9}"
EndProject
Project("{FAE04EC0-301F-11D3-BF4B-00C04F79EFBC}") = "MainMenu2", "..\Plugins\Highway\MainMenu\MainMenu2.csproj", "{06653737-1DD6-4668-B6B5-CC244673B34B}"
EndProject
Project("{FAE04EC0-301F-11D3-BF4B-00C04F79EFBC}") = "Skin Switcher", "..\Plugins\Skin Switcher\Skin Switcher.csproj", "{3B3EE791-6679-4872-9298-53D2AB0D221A}"
EndProject
Project("{FAE04EC0-301F-11D3-BF4B-00C04F79EFBC}") = "MainMenu", "..\Plugins\MainMenu\MainMenu.csproj", "{E5B7B6AE-8B54-4D78-9E78-A5DA277DD30A}"
EndProject
Project("{FAE04EC0-301F-11D3-BF4B-00C04F79EFBC}") = "UI", "..\Plugins\UI\UI.csproj", "{A0F59B9B-C8B7-4A91-ACDA-9F35C60D3DBD}"
EndProject
Global
	GlobalSection(SolutionConfigurationPlatforms) = preSolution
		Debug|Any CPU = Debug|Any CPU
		Debug-Fast|Any CPU = Debug-Fast|Any CPU
		Release|Any CPU = Release|Any CPU
	EndGlobalSection
	GlobalSection(ProjectConfigurationPlatforms) = postSolution
		{2B8C8EB5-EBA3-4FAA-8AA7-7421F8FDDAC8}.Debug|Any CPU.ActiveCfg = Debug|Any CPU
		{2B8C8EB5-EBA3-4FAA-8AA7-7421F8FDDAC8}.Debug|Any CPU.Build.0 = Debug|Any CPU
		{2B8C8EB5-EBA3-4FAA-8AA7-7421F8FDDAC8}.Debug-Fast|Any CPU.ActiveCfg = Debug-Fast|Any CPU
		{2B8C8EB5-EBA3-4FAA-8AA7-7421F8FDDAC8}.Debug-Fast|Any CPU.Build.0 = Debug-Fast|Any CPU
		{2B8C8EB5-EBA3-4FAA-8AA7-7421F8FDDAC8}.Release|Any CPU.ActiveCfg = Release|Any CPU
		{2B8C8EB5-EBA3-4FAA-8AA7-7421F8FDDAC8}.Release|Any CPU.Build.0 = Release|Any CPU
		{A7656801-BDB8-4964-9AF5-F52CB23EC1D8}.Debug|Any CPU.ActiveCfg = Debug|Any CPU
		{A7656801-BDB8-4964-9AF5-F52CB23EC1D8}.Debug|Any CPU.Build.0 = Debug|Any CPU
		{A7656801-BDB8-4964-9AF5-F52CB23EC1D8}.Debug-Fast|Any CPU.ActiveCfg = Debug-Fast|Any CPU
		{A7656801-BDB8-4964-9AF5-F52CB23EC1D8}.Debug-Fast|Any CPU.Build.0 = Debug-Fast|Any CPU
		{A7656801-BDB8-4964-9AF5-F52CB23EC1D8}.Release|Any CPU.ActiveCfg = Release|Any CPU
		{A7656801-BDB8-4964-9AF5-F52CB23EC1D8}.Release|Any CPU.Build.0 = Release|Any CPU
		{4C918B7A-72C6-4CBA-9839-C5A9FB564B32}.Debug|Any CPU.ActiveCfg = Debug|Any CPU
		{4C918B7A-72C6-4CBA-9839-C5A9FB564B32}.Debug|Any CPU.Build.0 = Debug|Any CPU
		{4C918B7A-72C6-4CBA-9839-C5A9FB564B32}.Debug-Fast|Any CPU.ActiveCfg = Debug-Fast|Any CPU
		{4C918B7A-72C6-4CBA-9839-C5A9FB564B32}.Debug-Fast|Any CPU.Build.0 = Debug-Fast|Any CPU
		{4C918B7A-72C6-4CBA-9839-C5A9FB564B32}.Release|Any CPU.ActiveCfg = Release|Any CPU
		{4C918B7A-72C6-4CBA-9839-C5A9FB564B32}.Release|Any CPU.Build.0 = Release|Any CPU
		{087D2157-E9B3-4CE1-8304-89B421328111}.Debug|Any CPU.ActiveCfg = Debug|Any CPU
		{087D2157-E9B3-4CE1-8304-89B421328111}.Debug|Any CPU.Build.0 = Debug|Any CPU
		{087D2157-E9B3-4CE1-8304-89B421328111}.Debug-Fast|Any CPU.ActiveCfg = Debug-Fast|Any CPU
		{087D2157-E9B3-4CE1-8304-89B421328111}.Debug-Fast|Any CPU.Build.0 = Debug-Fast|Any CPU
		{087D2157-E9B3-4CE1-8304-89B421328111}.Release|Any CPU.ActiveCfg = Release|Any CPU
		{087D2157-E9B3-4CE1-8304-89B421328111}.Release|Any CPU.Build.0 = Release|Any CPU
		{1E5CFF3D-3EFF-459B-A302-BA12F5CC6079}.Debug|Any CPU.ActiveCfg = Debug|Any CPU
		{1E5CFF3D-3EFF-459B-A302-BA12F5CC6079}.Debug|Any CPU.Build.0 = Debug|Any CPU
		{1E5CFF3D-3EFF-459B-A302-BA12F5CC6079}.Debug-Fast|Any CPU.ActiveCfg = Debug-Fast|Any CPU
		{1E5CFF3D-3EFF-459B-A302-BA12F5CC6079}.Debug-Fast|Any CPU.Build.0 = Debug-Fast|Any CPU
		{1E5CFF3D-3EFF-459B-A302-BA12F5CC6079}.Release|Any CPU.ActiveCfg = Release|Any CPU
		{1E5CFF3D-3EFF-459B-A302-BA12F5CC6079}.Release|Any CPU.Build.0 = Release|Any CPU
		{20FBEEA4-92C2-409E-9448-219CE60C0041}.Debug|Any CPU.ActiveCfg = Debug|Any CPU
		{20FBEEA4-92C2-409E-9448-219CE60C0041}.Debug|Any CPU.Build.0 = Debug|Any CPU
		{20FBEEA4-92C2-409E-9448-219CE60C0041}.Debug-Fast|Any CPU.ActiveCfg = Debug-Fast|Any CPU
		{20FBEEA4-92C2-409E-9448-219CE60C0041}.Debug-Fast|Any CPU.Build.0 = Debug-Fast|Any CPU
		{20FBEEA4-92C2-409E-9448-219CE60C0041}.Release|Any CPU.ActiveCfg = Release|Any CPU
		{20FBEEA4-92C2-409E-9448-219CE60C0041}.Release|Any CPU.Build.0 = Release|Any CPU
		{ED2CD8E9-1C0F-4CC7-B163-34F72093AF75}.Debug|Any CPU.ActiveCfg = Debug|Any CPU
		{ED2CD8E9-1C0F-4CC7-B163-34F72093AF75}.Debug|Any CPU.Build.0 = Debug|Any CPU
		{ED2CD8E9-1C0F-4CC7-B163-34F72093AF75}.Debug-Fast|Any CPU.ActiveCfg = Debug-Fast|Any CPU
		{ED2CD8E9-1C0F-4CC7-B163-34F72093AF75}.Debug-Fast|Any CPU.Build.0 = Debug-Fast|Any CPU
		{ED2CD8E9-1C0F-4CC7-B163-34F72093AF75}.Release|Any CPU.ActiveCfg = Release|Any CPU
		{ED2CD8E9-1C0F-4CC7-B163-34F72093AF75}.Release|Any CPU.Build.0 = Release|Any CPU
		{DDF02877-DEAE-45EF-B126-38F31C529043}.Debug|Any CPU.ActiveCfg = Debug|Any CPU
		{DDF02877-DEAE-45EF-B126-38F31C529043}.Debug|Any CPU.Build.0 = Debug|Any CPU
		{DDF02877-DEAE-45EF-B126-38F31C529043}.Debug-Fast|Any CPU.ActiveCfg = Debug-Fast|Any CPU
		{DDF02877-DEAE-45EF-B126-38F31C529043}.Debug-Fast|Any CPU.Build.0 = Debug-Fast|Any CPU
		{DDF02877-DEAE-45EF-B126-38F31C529043}.Release|Any CPU.ActiveCfg = Release|Any CPU
		{DDF02877-DEAE-45EF-B126-38F31C529043}.Release|Any CPU.Build.0 = Release|Any CPU
		{D2A6A245-3C4E-4208-B436-BF6DD8E31789}.Debug|Any CPU.ActiveCfg = Debug|Any CPU
		{D2A6A245-3C4E-4208-B436-BF6DD8E31789}.Debug|Any CPU.Build.0 = Debug|Any CPU
		{D2A6A245-3C4E-4208-B436-BF6DD8E31789}.Debug-Fast|Any CPU.ActiveCfg = Debug-Fast|Any CPU
		{D2A6A245-3C4E-4208-B436-BF6DD8E31789}.Debug-Fast|Any CPU.Build.0 = Debug-Fast|Any CPU
		{D2A6A245-3C4E-4208-B436-BF6DD8E31789}.Release|Any CPU.ActiveCfg = Release|Any CPU
		{D2A6A245-3C4E-4208-B436-BF6DD8E31789}.Release|Any CPU.Build.0 = Release|Any CPU
		{932DE238-14C8-4D0E-840A-646E165D9947}.Debug|Any CPU.ActiveCfg = Debug|Any CPU
		{932DE238-14C8-4D0E-840A-646E165D9947}.Debug|Any CPU.Build.0 = Debug|Any CPU
		{932DE238-14C8-4D0E-840A-646E165D9947}.Debug-Fast|Any CPU.ActiveCfg = Debug-Fast|Any CPU
		{932DE238-14C8-4D0E-840A-646E165D9947}.Debug-Fast|Any CPU.Build.0 = Debug-Fast|Any CPU
		{932DE238-14C8-4D0E-840A-646E165D9947}.Release|Any CPU.ActiveCfg = Release|Any CPU
		{932DE238-14C8-4D0E-840A-646E165D9947}.Release|Any CPU.Build.0 = Release|Any CPU
		{EC4799AC-9121-4517-9AEB-1E4702CF1542}.Debug|Any CPU.ActiveCfg = Debug|Any CPU
		{EC4799AC-9121-4517-9AEB-1E4702CF1542}.Debug|Any CPU.Build.0 = Debug|Any CPU
		{EC4799AC-9121-4517-9AEB-1E4702CF1542}.Debug-Fast|Any CPU.ActiveCfg = Debug-Fast|Any CPU
		{EC4799AC-9121-4517-9AEB-1E4702CF1542}.Debug-Fast|Any CPU.Build.0 = Debug-Fast|Any CPU
		{EC4799AC-9121-4517-9AEB-1E4702CF1542}.Release|Any CPU.ActiveCfg = Release|Any CPU
		{EC4799AC-9121-4517-9AEB-1E4702CF1542}.Release|Any CPU.Build.0 = Release|Any CPU
		{D6D627D3-3C46-4908-8EC8-78760C2BB374}.Debug|Any CPU.ActiveCfg = Debug|Any CPU
		{D6D627D3-3C46-4908-8EC8-78760C2BB374}.Debug|Any CPU.Build.0 = Debug|Any CPU
		{D6D627D3-3C46-4908-8EC8-78760C2BB374}.Debug-Fast|Any CPU.ActiveCfg = Debug-Fast|Any CPU
		{D6D627D3-3C46-4908-8EC8-78760C2BB374}.Debug-Fast|Any CPU.Build.0 = Debug-Fast|Any CPU
		{D6D627D3-3C46-4908-8EC8-78760C2BB374}.Release|Any CPU.ActiveCfg = Release|Any CPU
		{D6D627D3-3C46-4908-8EC8-78760C2BB374}.Release|Any CPU.Build.0 = Release|Any CPU
		{779AEDF3-DD8D-44F5-BBD2-012A2F550EF3}.Debug|Any CPU.ActiveCfg = Debug|Any CPU
		{779AEDF3-DD8D-44F5-BBD2-012A2F550EF3}.Debug|Any CPU.Build.0 = Debug|Any CPU
		{779AEDF3-DD8D-44F5-BBD2-012A2F550EF3}.Debug-Fast|Any CPU.ActiveCfg = Debug-Fast|Any CPU
		{779AEDF3-DD8D-44F5-BBD2-012A2F550EF3}.Debug-Fast|Any CPU.Build.0 = Debug-Fast|Any CPU
		{779AEDF3-DD8D-44F5-BBD2-012A2F550EF3}.Release|Any CPU.ActiveCfg = Release|Any CPU
		{779AEDF3-DD8D-44F5-BBD2-012A2F550EF3}.Release|Any CPU.Build.0 = Release|Any CPU
		{C80AF7A1-7FAB-4EC1-9734-4D416BECA551}.Debug|Any CPU.ActiveCfg = Debug|Any CPU
		{C80AF7A1-7FAB-4EC1-9734-4D416BECA551}.Debug|Any CPU.Build.0 = Debug|Any CPU
		{C80AF7A1-7FAB-4EC1-9734-4D416BECA551}.Debug-Fast|Any CPU.ActiveCfg = Debug-Fast|Any CPU
		{C80AF7A1-7FAB-4EC1-9734-4D416BECA551}.Debug-Fast|Any CPU.Build.0 = Debug-Fast|Any CPU
		{C80AF7A1-7FAB-4EC1-9734-4D416BECA551}.Release|Any CPU.ActiveCfg = Release|Any CPU
		{C80AF7A1-7FAB-4EC1-9734-4D416BECA551}.Release|Any CPU.Build.0 = Release|Any CPU
		{3966C6FA-CF05-466A-8B4C-4CA3F147BDAF}.Debug|Any CPU.ActiveCfg = Debug|Any CPU
		{3966C6FA-CF05-466A-8B4C-4CA3F147BDAF}.Debug|Any CPU.Build.0 = Debug|Any CPU
		{3966C6FA-CF05-466A-8B4C-4CA3F147BDAF}.Debug-Fast|Any CPU.ActiveCfg = Debug-Fast|Any CPU
		{3966C6FA-CF05-466A-8B4C-4CA3F147BDAF}.Debug-Fast|Any CPU.Build.0 = Debug-Fast|Any CPU
		{3966C6FA-CF05-466A-8B4C-4CA3F147BDAF}.Release|Any CPU.ActiveCfg = Release|Any CPU
		{3966C6FA-CF05-466A-8B4C-4CA3F147BDAF}.Release|Any CPU.Build.0 = Release|Any CPU
		{BED3CC71-3403-40F3-AF2F-FC830FE3B38E}.Debug|Any CPU.ActiveCfg = Debug|Any CPU
		{BED3CC71-3403-40F3-AF2F-FC830FE3B38E}.Debug|Any CPU.Build.0 = Debug|Any CPU
		{BED3CC71-3403-40F3-AF2F-FC830FE3B38E}.Debug-Fast|Any CPU.ActiveCfg = Debug-Fast|Any CPU
		{BED3CC71-3403-40F3-AF2F-FC830FE3B38E}.Debug-Fast|Any CPU.Build.0 = Debug-Fast|Any CPU
		{BED3CC71-3403-40F3-AF2F-FC830FE3B38E}.Release|Any CPU.ActiveCfg = Release|Any CPU
		{BED3CC71-3403-40F3-AF2F-FC830FE3B38E}.Release|Any CPU.Build.0 = Release|Any CPU
		{645DC5B8-026F-4D2F-B96D-24A71C87854F}.Debug|Any CPU.ActiveCfg = Debug|Any CPU
		{645DC5B8-026F-4D2F-B96D-24A71C87854F}.Debug|Any CPU.Build.0 = Debug|Any CPU
		{645DC5B8-026F-4D2F-B96D-24A71C87854F}.Debug-Fast|Any CPU.ActiveCfg = Debug-Fast|Any CPU
		{645DC5B8-026F-4D2F-B96D-24A71C87854F}.Debug-Fast|Any CPU.Build.0 = Debug-Fast|Any CPU
		{645DC5B8-026F-4D2F-B96D-24A71C87854F}.Release|Any CPU.ActiveCfg = Release|Any CPU
		{645DC5B8-026F-4D2F-B96D-24A71C87854F}.Release|Any CPU.Build.0 = Release|Any CPU
		{E1727C23-C7FD-4FBA-B09F-7160B5947F85}.Debug|Any CPU.ActiveCfg = Debug|Any CPU
		{E1727C23-C7FD-4FBA-B09F-7160B5947F85}.Debug|Any CPU.Build.0 = Debug|Any CPU
		{E1727C23-C7FD-4FBA-B09F-7160B5947F85}.Debug-Fast|Any CPU.ActiveCfg = Debug-Fast|Any CPU
		{E1727C23-C7FD-4FBA-B09F-7160B5947F85}.Debug-Fast|Any CPU.Build.0 = Debug-Fast|Any CPU
		{E1727C23-C7FD-4FBA-B09F-7160B5947F85}.Release|Any CPU.ActiveCfg = Release|Any CPU
		{E1727C23-C7FD-4FBA-B09F-7160B5947F85}.Release|Any CPU.Build.0 = Release|Any CPU
		{07CBEF9C-DB75-4B76-A3A8-76956D1BBE96}.Debug|Any CPU.ActiveCfg = Debug|Any CPU
		{07CBEF9C-DB75-4B76-A3A8-76956D1BBE96}.Debug|Any CPU.Build.0 = Debug|Any CPU
		{07CBEF9C-DB75-4B76-A3A8-76956D1BBE96}.Debug-Fast|Any CPU.ActiveCfg = Debug-Fast|Any CPU
		{07CBEF9C-DB75-4B76-A3A8-76956D1BBE96}.Debug-Fast|Any CPU.Build.0 = Debug-Fast|Any CPU
		{07CBEF9C-DB75-4B76-A3A8-76956D1BBE96}.Release|Any CPU.ActiveCfg = Release|Any CPU
		{07CBEF9C-DB75-4B76-A3A8-76956D1BBE96}.Release|Any CPU.Build.0 = Release|Any CPU
		{D71091AB-F622-4688-8B2B-377C3928F77F}.Debug|Any CPU.ActiveCfg = Debug|Any CPU
		{D71091AB-F622-4688-8B2B-377C3928F77F}.Debug|Any CPU.Build.0 = Debug|Any CPU
		{D71091AB-F622-4688-8B2B-377C3928F77F}.Debug-Fast|Any CPU.ActiveCfg = Debug|Any CPU
		{D71091AB-F622-4688-8B2B-377C3928F77F}.Debug-Fast|Any CPU.Build.0 = Debug|Any CPU
		{D71091AB-F622-4688-8B2B-377C3928F77F}.Release|Any CPU.ActiveCfg = Release|Any CPU
		{D71091AB-F622-4688-8B2B-377C3928F77F}.Release|Any CPU.Build.0 = Release|Any CPU
		{B2483F87-566A-4AFD-9816-42BC6107CB3E}.Debug|Any CPU.ActiveCfg = Debug|Any CPU
		{B2483F87-566A-4AFD-9816-42BC6107CB3E}.Debug|Any CPU.Build.0 = Debug|Any CPU
		{B2483F87-566A-4AFD-9816-42BC6107CB3E}.Debug-Fast|Any CPU.ActiveCfg = Debug|Any CPU
		{B2483F87-566A-4AFD-9816-42BC6107CB3E}.Debug-Fast|Any CPU.Build.0 = Debug|Any CPU
		{B2483F87-566A-4AFD-9816-42BC6107CB3E}.Release|Any CPU.ActiveCfg = Release|Any CPU
		{B2483F87-566A-4AFD-9816-42BC6107CB3E}.Release|Any CPU.Build.0 = Release|Any CPU
		{8B2070DD-CBB9-4A42-9938-3814BCEDCEED}.Debug|Any CPU.ActiveCfg = Debug|Any CPU
		{8B2070DD-CBB9-4A42-9938-3814BCEDCEED}.Debug|Any CPU.Build.0 = Debug|Any CPU
		{8B2070DD-CBB9-4A42-9938-3814BCEDCEED}.Debug-Fast|Any CPU.ActiveCfg = Debug|Any CPU
		{8B2070DD-CBB9-4A42-9938-3814BCEDCEED}.Debug-Fast|Any CPU.Build.0 = Debug|Any CPU
		{8B2070DD-CBB9-4A42-9938-3814BCEDCEED}.Release|Any CPU.ActiveCfg = Release|Any CPU
		{8B2070DD-CBB9-4A42-9938-3814BCEDCEED}.Release|Any CPU.Build.0 = Release|Any CPU
		{F15159CB-BC40-4ABD-B23F-B41320FF16B7}.Debug|Any CPU.ActiveCfg = Debug|Any CPU
		{F15159CB-BC40-4ABD-B23F-B41320FF16B7}.Debug|Any CPU.Build.0 = Debug|Any CPU
		{F15159CB-BC40-4ABD-B23F-B41320FF16B7}.Debug-Fast|Any CPU.ActiveCfg = Debug|Any CPU
		{F15159CB-BC40-4ABD-B23F-B41320FF16B7}.Debug-Fast|Any CPU.Build.0 = Debug|Any CPU
		{F15159CB-BC40-4ABD-B23F-B41320FF16B7}.Release|Any CPU.ActiveCfg = Release|Any CPU
		{F15159CB-BC40-4ABD-B23F-B41320FF16B7}.Release|Any CPU.Build.0 = Release|Any CPU
		{A00BCAB4-8E1B-408A-AD08-D174928BFAA4}.Debug|Any CPU.ActiveCfg = Debug|Any CPU
		{A00BCAB4-8E1B-408A-AD08-D174928BFAA4}.Debug|Any CPU.Build.0 = Debug|Any CPU
		{A00BCAB4-8E1B-408A-AD08-D174928BFAA4}.Debug-Fast|Any CPU.ActiveCfg = Debug|Any CPU
		{A00BCAB4-8E1B-408A-AD08-D174928BFAA4}.Debug-Fast|Any CPU.Build.0 = Debug|Any CPU
		{A00BCAB4-8E1B-408A-AD08-D174928BFAA4}.Release|Any CPU.ActiveCfg = Release|Any CPU
		{A00BCAB4-8E1B-408A-AD08-D174928BFAA4}.Release|Any CPU.Build.0 = Release|Any CPU
		{2CD462A0-5AE7-475A-8C52-6B2415089ACE}.Debug|Any CPU.ActiveCfg = Debug|Any CPU
		{2CD462A0-5AE7-475A-8C52-6B2415089ACE}.Debug|Any CPU.Build.0 = Debug|Any CPU
		{2CD462A0-5AE7-475A-8C52-6B2415089ACE}.Debug-Fast|Any CPU.ActiveCfg = Debug|Any CPU
		{2CD462A0-5AE7-475A-8C52-6B2415089ACE}.Debug-Fast|Any CPU.Build.0 = Debug|Any CPU
		{2CD462A0-5AE7-475A-8C52-6B2415089ACE}.Release|Any CPU.ActiveCfg = Release|Any CPU
		{2CD462A0-5AE7-475A-8C52-6B2415089ACE}.Release|Any CPU.Build.0 = Release|Any CPU
		{7198645A-5039-43E9-8FE0-F1972E38C12A}.Debug|Any CPU.ActiveCfg = Debug|Any CPU
		{7198645A-5039-43E9-8FE0-F1972E38C12A}.Debug|Any CPU.Build.0 = Debug|Any CPU
		{7198645A-5039-43E9-8FE0-F1972E38C12A}.Debug-Fast|Any CPU.ActiveCfg = Debug|Any CPU
		{7198645A-5039-43E9-8FE0-F1972E38C12A}.Debug-Fast|Any CPU.Build.0 = Debug|Any CPU
		{7198645A-5039-43E9-8FE0-F1972E38C12A}.Release|Any CPU.ActiveCfg = Release|Any CPU
		{7198645A-5039-43E9-8FE0-F1972E38C12A}.Release|Any CPU.Build.0 = Release|Any CPU
		{4597154F-BA42-488E-8047-0756E0FEAAF9}.Debug|Any CPU.ActiveCfg = Debug|Any CPU
		{4597154F-BA42-488E-8047-0756E0FEAAF9}.Debug|Any CPU.Build.0 = Debug|Any CPU
		{4597154F-BA42-488E-8047-0756E0FEAAF9}.Debug-Fast|Any CPU.ActiveCfg = Debug|Any CPU
		{4597154F-BA42-488E-8047-0756E0FEAAF9}.Debug-Fast|Any CPU.Build.0 = Debug|Any CPU
		{4597154F-BA42-488E-8047-0756E0FEAAF9}.Release|Any CPU.ActiveCfg = Release|Any CPU
		{4597154F-BA42-488E-8047-0756E0FEAAF9}.Release|Any CPU.Build.0 = Release|Any CPU
		{06653737-1DD6-4668-B6B5-CC244673B34B}.Debug|Any CPU.ActiveCfg = Debug|Any CPU
		{06653737-1DD6-4668-B6B5-CC244673B34B}.Debug|Any CPU.Build.0 = Debug|Any CPU
		{06653737-1DD6-4668-B6B5-CC244673B34B}.Debug-Fast|Any CPU.ActiveCfg = Debug|Any CPU
		{06653737-1DD6-4668-B6B5-CC244673B34B}.Debug-Fast|Any CPU.Build.0 = Debug|Any CPU
		{06653737-1DD6-4668-B6B5-CC244673B34B}.Release|Any CPU.ActiveCfg = Release|Any CPU
		{06653737-1DD6-4668-B6B5-CC244673B34B}.Release|Any CPU.Build.0 = Release|Any CPU
		{3B3EE791-6679-4872-9298-53D2AB0D221A}.Debug|Any CPU.ActiveCfg = Debug|Any CPU
		{3B3EE791-6679-4872-9298-53D2AB0D221A}.Debug|Any CPU.Build.0 = Debug|Any CPU
		{3B3EE791-6679-4872-9298-53D2AB0D221A}.Debug-Fast|Any CPU.ActiveCfg = Debug|Any CPU
		{3B3EE791-6679-4872-9298-53D2AB0D221A}.Debug-Fast|Any CPU.Build.0 = Debug|Any CPU
		{3B3EE791-6679-4872-9298-53D2AB0D221A}.Release|Any CPU.ActiveCfg = Release|Any CPU
		{3B3EE791-6679-4872-9298-53D2AB0D221A}.Release|Any CPU.Build.0 = Release|Any CPU
		{E5B7B6AE-8B54-4D78-9E78-A5DA277DD30A}.Debug|Any CPU.ActiveCfg = Debug|Any CPU
		{E5B7B6AE-8B54-4D78-9E78-A5DA277DD30A}.Debug|Any CPU.Build.0 = Debug|Any CPU
		{E5B7B6AE-8B54-4D78-9E78-A5DA277DD30A}.Debug-Fast|Any CPU.ActiveCfg = Debug-Fast|Any CPU
		{E5B7B6AE-8B54-4D78-9E78-A5DA277DD30A}.Debug-Fast|Any CPU.Build.0 = Debug-Fast|Any CPU
		{E5B7B6AE-8B54-4D78-9E78-A5DA277DD30A}.Release|Any CPU.ActiveCfg = Release|Any CPU
		{E5B7B6AE-8B54-4D78-9E78-A5DA277DD30A}.Release|Any CPU.Build.0 = Release|Any CPU
		{A0F59B9B-C8B7-4A91-ACDA-9F35C60D3DBD}.Debug|Any CPU.ActiveCfg = Debug|Any CPU
		{A0F59B9B-C8B7-4A91-ACDA-9F35C60D3DBD}.Debug|Any CPU.Build.0 = Debug|Any CPU
		{A0F59B9B-C8B7-4A91-ACDA-9F35C60D3DBD}.Debug-Fast|Any CPU.ActiveCfg = Debug-Fast|Any CPU
		{A0F59B9B-C8B7-4A91-ACDA-9F35C60D3DBD}.Debug-Fast|Any CPU.Build.0 = Debug-Fast|Any CPU
		{A0F59B9B-C8B7-4A91-ACDA-9F35C60D3DBD}.Release|Any CPU.ActiveCfg = Release|Any CPU
		{A0F59B9B-C8B7-4A91-ACDA-9F35C60D3DBD}.Release|Any CPU.Build.0 = Release|Any CPU
	EndGlobalSection
	GlobalSection(SolutionProperties) = preSolution
		HideSolutionNode = FALSE
	EndGlobalSection
EndGlobal
