
Microsoft Visual Studio Solution File, Format Version 10.00
# Visual Studio 2008
Project("{FAE04EC0-301F-11D3-BF4B-00C04F79EFBC}") = "OpenMobile", "OpenMobile\OpenMobile.csproj", "{2B8C8EB5-EBA3-4FAA-8AA7-7421F8FDDAC8}"
EndProject
Project("{FAE04EC0-301F-11D3-BF4B-00C04F79EFBC}") = "OpenMobile.Framework", "OpenMobile.Framework\OpenMobile.Framework.csproj", "{A7656801-BDB8-4964-9AF5-F52CB23EC1D8}"
EndProject
Project("{FAE04EC0-301F-11D3-BF4B-00C04F79EFBC}") = "OMWinHal", "..\Plugins\OMWinHal\OMWinHal.csproj", "{4C918B7A-72C6-4CBA-9839-C5A9FB564B32}"
EndProject
Project("{FAE04EC0-301F-11D3-BF4B-00C04F79EFBC}") = "MainMenu", "..\Plugins\MainMenu\MainMenu.csproj", "{E5B7B6AE-8B54-4D78-9E78-A5DA277DD30A}"
EndProject
Project("{FAE04EC0-301F-11D3-BF4B-00C04F79EFBC}") = "UI", "..\Plugins\UI\UI.csproj", "{A0F59B9B-C8B7-4A91-ACDA-9F35C60D3DBD}"
EndProject
Project("{FAE04EC0-301F-11D3-BF4B-00C04F79EFBC}") = "Media", "..\Plugins\Media\Media.csproj", "{D2989666-BA3C-447F-BE90-7A0630C290CB}"
EndProject
Project("{FAE04EC0-301F-11D3-BF4B-00C04F79EFBC}") = "TagLib", "..\Plugins\TagLib\TagLib.csproj", "{087D2157-E9B3-4CE1-8304-89B421328111}"
EndProject
Project("{FAE04EC0-301F-11D3-BF4B-00C04F79EFBC}") = "OMMediaDB", "..\Plugins\OMMediaDB\OMMediaDB.csproj", "{1E5CFF3D-3EFF-459B-A302-BA12F5CC6079}"
EndProject
Project("{FAE04EC0-301F-11D3-BF4B-00C04F79EFBC}") = "OMPlayer", "..\Plugins\omPlayer\OMPlayer.csproj", "{20FBEEA4-92C2-409E-9448-219CE60C0041}"
EndProject
Project("{FAE04EC0-301F-11D3-BF4B-00C04F79EFBC}") = "OSK", "..\Plugins\OSK\OSK.csproj", "{ED2CD8E9-1C0F-4CC7-B163-34F72093AF75}"
EndProject
Project("{FAE04EC0-301F-11D3-BF4B-00C04F79EFBC}") = "OMSettings", "..\Plugins\OMSettings\OMSettings.csproj", "{DDF02877-DEAE-45EF-B126-38F31C529043}"
EndProject
Project("{FAE04EC0-301F-11D3-BF4B-00C04F79EFBC}") = "OMDir", "..\Plugins\OMDir\OMDir.csproj", "{D2A6A245-3C4E-4208-B436-BF6DD8E31789}"
EndProject
Project("{FAE04EC0-301F-11D3-BF4B-00C04F79EFBC}") = "Radio", "..\Plugins\Radio\Radio.csproj", "{932DE238-14C8-4D0E-840A-646E165D9947}"
EndProject
Project("{FAE04EC0-301F-11D3-BF4B-00C04F79EFBC}") = "ControlDemo", "..\Plugins\ControlDemo\ControlDemo.csproj", "{CF16AA25-58E4-40A1-9137-40CF48FB38EC}"
EndProject
Project("{FAE04EC0-301F-11D3-BF4B-00C04F79EFBC}") = "OMNotify", "..\Plugins\OMNotify\OMNotify.csproj", "{EC4799AC-9121-4517-9AEB-1E4702CF1542}"
EndProject
Project("{FAE04EC0-301F-11D3-BF4B-00C04F79EFBC}") = "DPGContacts", "..\Plugins\DPGContacts\DPGContacts.csproj", "{D6D627D3-3C46-4908-8EC8-78760C2BB374}"
EndProject
Project("{FAE04EC0-301F-11D3-BF4B-00C04F79EFBC}") = "Networking", "..\Plugins\Networking\Networking.csproj", "{779AEDF3-DD8D-44F5-BBD2-012A2F550EF3}"
EndProject
Project("{FAE04EC0-301F-11D3-BF4B-00C04F79EFBC}") = "OMDebug", "..\Plugins\OMDebug\OMDebug.csproj", "{C80AF7A1-7FAB-4EC1-9734-4D416BECA551}"
EndProject
Project("{FAE04EC0-301F-11D3-BF4B-00C04F79EFBC}") = "Video", "..\Plugins\Video\Video.csproj", "{3966C6FA-CF05-466A-8B4C-4CA3F147BDAF}"
EndProject
Project("{FAE04EC0-301F-11D3-BF4B-00C04F79EFBC}") = "OMWeather", "..\Plugins\OMWeather\OMWeather.csproj", "{BED3CC71-3403-40F3-AF2F-FC830FE3B38E}"
EndProject
Project("{FAE04EC0-301F-11D3-BF4B-00C04F79EFBC}") = "DPGWeather", "..\Plugins\DPGWeather\DPGWeather.csproj", "{645DC5B8-026F-4D2F-B96D-24A71C87854F}"
EndProject
Project("{FAE04EC0-301F-11D3-BF4B-00C04F79EFBC}") = "OpenMobile.Graphics", "OpenMobile.Graphics\OpenMobile.Graphics.csproj", "{E1727C23-C7FD-4FBA-B09F-7160B5947F85}"
EndProject
Project("{FAE04EC0-301F-11D3-BF4B-00C04F79EFBC}") = "BatterySupport", "..\Plugins\BatterySupport\BatterySupport.csproj", "{07CBEF9C-DB75-4B76-A3A8-76956D1BBE96}"
EndProject
Project("{FAE04EC0-301F-11D3-BF4B-00C04F79EFBC}") = "OMContacts", "..\Plugins\OMContacts\OMContacts.csproj", "{D71091AB-F622-4688-8B2B-377C3928F77F}"
EndProject
Project("{FAE04EC0-301F-11D3-BF4B-00C04F79EFBC}") = "DPEmail", "..\Plugins\DPEmail\DPEmail.csproj", "{B2483F87-566A-4AFD-9816-42BC6107CB3E}"
EndProject
Project("{FAE04EC0-301F-11D3-BF4B-00C04F79EFBC}") = "DPGCalendar", "..\Plugins\DPGCalendar\DPGCalendar.csproj", "{87F6FCA7-B025-421F-ABBB-D5E6E70A1ECE}"
EndProject
Project("{FAE04EC0-301F-11D3-BF4B-00C04F79EFBC}") = "GamepadSupport", "..\Plugins\GamepadSupport\GamepadSupport.csproj", "{D937AADC-277A-462D-B20B-036734B82F7E}"
EndProject
Project("{FAE04EC0-301F-11D3-BF4B-00C04F79EFBC}") = "OMDVD", "..\Plugins\OMDVD\OMDVD.csproj", "{E5289747-CE4D-45A0-B064-8C1EA2F20C35}"
EndProject
Project("{FAE04EC0-301F-11D3-BF4B-00C04F79EFBC}") = "WinDialup", "..\Plugins\WinDialup\WinDialup.csproj", "{7198645A-5039-43E9-8FE0-F1972E38C12A}"
EndProject
Project("{FAE04EC0-301F-11D3-BF4B-00C04F79EFBC}") = "XMRadio", "..\Plugins\XMRadio\XMRadio.csproj", "{004151E2-DE8C-4675-87F5-6E1F086077E6}"
EndProject
Project("{FAE04EC0-301F-11D3-BF4B-00C04F79EFBC}") = "WinWifi", "..\Plugins\WinWifi\WinWifi.csproj", "{2CD462A0-5AE7-475A-8C52-6B2415089ACE}"
EndProject
Project("{F184B08F-C81C-45F6-A57F-5ABD9991F28F}") = "OMVisteonRadio", "..\Plugins\OMVisteonRadio\OMVisteonRadio.vbproj", "{593A8634-9BA0-4AFD-BBAB-5B96A87D8AA1}"
EndProject
Project("{F184B08F-C81C-45F6-A57F-5ABD9991F28F}") = "SerialAmpControl", "..\Plugins\SerialAmpControl\SerialAmpControl.vbproj", "{058A0C07-2CC7-462D-9777-6B9877BF3CD9}"
EndProject
Project("{F184B08F-C81C-45F6-A57F-5ABD9991F28F}") = "ExternalNav", "..\Plugins\ExternalNav\ExternalNav.vbproj", "{26C68D93-DF6F-4655-9E83-4A34CB8440B4}"
EndProject
Project("{FAE04EC0-301F-11D3-BF4B-00C04F79EFBC}") = "DPYWeather", "..\Plugins\DPYWeather\DPYWeather.csproj", "{79205808-12CF-4E65-98ED-4EC2FB3AD0EE}"
EndProject
Project("{FAE04EC0-301F-11D3-BF4B-00C04F79EFBC}") = "OMFolderDB", "..\Plugins\OMFolderDB\OMFolderDB.csproj", "{61B40A2E-2859-4FFA-86D4-657A6A8A3D6C}"
EndProject
Project("{FAE04EC0-301F-11D3-BF4B-00C04F79EFBC}") = "AudioRouter", "..\..\branches\Libraries\AudioRouter\AudioRouter.csproj", "{B1FF1393-9BE4-49E0-B1C2-BD748EC445B9}"
EndProject
Project("{FAE04EC0-301F-11D3-BF4B-00C04F79EFBC}") = "OpenMobile.Email", "..\..\branches\Libraries\OpenMobile.Email\OpenMobile.Email.csproj", "{8B2070DD-CBB9-4A42-9938-3814BCEDCEED}"
EndProject
Project("{F184B08F-C81C-45F6-A57F-5ABD9991F28F}") = "OMSensorTester", "..\Plugins\OMSensorTester\OMSensorTester.vbproj", "{CC77B666-46A3-4092-AED7-5A380C7E493D}"
EndProject
Project("{FAE04EC0-301F-11D3-BF4B-00C04F79EFBC}") = "NewMedia", "..\Plugins\NewMedia\NewMedia.csproj", "{F15159CB-BC40-4ABD-B23F-B41320FF16B7}"
EndProject
Project("{FAE04EC0-301F-11D3-BF4B-00C04F79EFBC}") = "RemovableDB", "..\Plugins\RemovableDB\RemovableDB.csproj", "{A00BCAB4-8E1B-408A-AD08-D174928BFAA4}"
EndProject
Project("{FAE04EC0-301F-11D3-BF4B-00C04F79EFBC}") = "OMLinPlayer", "..\Plugins\OMLinPlayer\OMLinPlayer.csproj", "{8C2829AF-67C5-473D-9245-2266E64D9B39}"
EndProject
Project("{FAE04EC0-301F-11D3-BF4B-00C04F79EFBC}") = "SystemSensors", "..\Plugins\SystemSensors\SystemSensors.csproj", "{CB02DD03-686A-4FA3-B822-518C96197B2F}"
EndProject
Project("{FAE04EC0-301F-11D3-BF4B-00C04F79EFBC}") = "WinCam", "..\Plugins\WinCam\WinCam.csproj", "{64FB4824-3282-41EB-A3A2-8BA6420706CB}"
EndProject
Project("{FAE04EC0-301F-11D3-BF4B-00C04F79EFBC}") = "LinWifi", "..\Plugins\LinWifi\LinWifi.csproj", "{E1C45521-0F97-4D7F-B77C-704CA59444D5}"
EndProject
Project("{F184B08F-C81C-45F6-A57F-5ABD9991F28F}") = "OMSerialGPS", "..\Plugins\OMSerialGPS\OMSerialGPS.vbproj", "{DF633229-EF25-422E-BFB4-48D283FA1ABA}"
EndProject
Project("{FAE04EC0-301F-11D3-BF4B-00C04F79EFBC}") = "UASControl", "..\Plugins\UASControl\UASControl.csproj", "{7073E1E0-85AA-4AA0-AC1A-12FB921CE60F}"
EndProject
Project("{FAE04EC0-301F-11D3-BF4B-00C04F79EFBC}") = "iPodDB", "..\Plugins\iPodDB\iPodDB.csproj", "{44DA5335-094A-44B1-BD62-B58B5ECE77DE}"
EndProject
Project("{FAE04EC0-301F-11D3-BF4B-00C04F79EFBC}") = "OpenPOD", "..\..\branches\Libraries\OpenPOD\OpenPOD.csproj", "{7A6701E2-A2AB-4788-9A92-08C629E92113}"
EndProject
Project("{F184B08F-C81C-45F6-A57F-5ABD9991F28F}") = "GPSStatus", "..\Plugins\GPSStatus\GPSStatus.vbproj", "{8132D1F0-6132-446C-96A8-2CA1D000E49B}"
EndProject
Project("{FAE04EC0-301F-11D3-BF4B-00C04F79EFBC}") = "Skin Switcher", "..\Plugins\Skin Switcher\Skin Switcher.csproj", "{3B3EE791-6679-4872-9298-53D2AB0D221A}"
EndProject
Project("{FAE04EC0-301F-11D3-BF4B-00C04F79EFBC}") = "Slideshow", "..\Plugins\Slideshow\Slideshow.csproj", "{4A92AF25-7EEF-4BCF-A295-3584CF58F2EC}"
EndProject
Project("{2150E333-8FDC-42A3-9474-1A3956D46DE8}") = "Solution Items", "Solution Items", "{F78567CD-6F5E-4DDA-9D2F-77E3FCD621EC}"
EndProject
Project("{FAE04EC0-301F-11D3-BF4B-00C04F79EFBC}") = "PandoraPlayer", "..\Plugins\PandoraPlayer\PandoraPlayer.csproj", "{A184E0EB-C509-4FA5-B2B3-A6CFE6265276}"
EndProject
Project("{FAE04EC0-301F-11D3-BF4B-00C04F79EFBC}") = "DPYTraffic", "..\Plugins\DPYTraffic\DPYTraffic.csproj", "{5E7B47B5-2484-4513-ADA5-F0B15589A85E}"
EndProject
Project("{FAE04EC0-301F-11D3-BF4B-00C04F79EFBC}") = "BrightnessControl", "..\Plugins\Brightness Control\BrightnessControl.csproj", "{C15938D6-CCF3-4CBC-8CDA-404BA0653777}"
EndProject
Project("{FAE04EC0-301F-11D3-BF4B-00C04F79EFBC}") = "Solitaire", "..\Plugins\Solitaire\Solitaire.csproj", "{D2830192-DD6F-41AE-A95A-E22504CB5D25}"
EndProject
Project("{FAE04EC0-301F-11D3-BF4B-00C04F79EFBC}") = "Poker", "..\Plugins\Poker\Poker.csproj", "{9F542AC5-48AE-4F29-8937-9C1845AAB517}"
EndProject
Project("{FAE04EC0-301F-11D3-BF4B-00C04F79EFBC}") = "OMPluginSample", "..\Plugins\OMPluginSample\OMPluginSample.csproj", "{515CFE25-4890-4CEE-9B5C-C9992D27D39C}"
EndProject
Project("{FAE04EC0-301F-11D3-BF4B-00C04F79EFBC}") = "libGame", "..\..\branches\Libraries\libGame\libGame.csproj", "{C36DD639-E354-4D44-ACD9-0B9EB3BA56A4}"
EndProject
Global
	GlobalSection(SolutionConfigurationPlatforms) = preSolution
		Debug|Any CPU = Debug|Any CPU
		Debug-Fast|Any CPU = Debug-Fast|Any CPU
		Release|Any CPU = Release|Any CPU
	EndGlobalSection
	GlobalSection(ProjectConfigurationPlatforms) = postSolution
		{2B8C8EB5-EBA3-4FAA-8AA7-7421F8FDDAC8}.Debug|Any CPU.ActiveCfg = Debug|Any CPU
		{2B8C8EB5-EBA3-4FAA-8AA7-7421F8FDDAC8}.Debug|Any CPU.Build.0 = Debug|Any CPU
		{2B8C8EB5-EBA3-4FAA-8AA7-7421F8FDDAC8}.Debug-Fast|Any CPU.ActiveCfg = Debug-Fast|Any CPU
		{2B8C8EB5-EBA3-4FAA-8AA7-7421F8FDDAC8}.Debug-Fast|Any CPU.Build.0 = Debug-Fast|Any CPU
		{2B8C8EB5-EBA3-4FAA-8AA7-7421F8FDDAC8}.Release|Any CPU.ActiveCfg = Release|Any CPU
		{2B8C8EB5-EBA3-4FAA-8AA7-7421F8FDDAC8}.Release|Any CPU.Build.0 = Release|Any CPU
		{A7656801-BDB8-4964-9AF5-F52CB23EC1D8}.Debug|Any CPU.ActiveCfg = Debug|Any CPU
		{A7656801-BDB8-4964-9AF5-F52CB23EC1D8}.Debug|Any CPU.Build.0 = Debug|Any CPU
		{A7656801-BDB8-4964-9AF5-F52CB23EC1D8}.Debug-Fast|Any CPU.ActiveCfg = Debug-Fast|Any CPU
		{A7656801-BDB8-4964-9AF5-F52CB23EC1D8}.Debug-Fast|Any CPU.Build.0 = Debug-Fast|Any CPU
		{A7656801-BDB8-4964-9AF5-F52CB23EC1D8}.Release|Any CPU.ActiveCfg = Release|Any CPU
		{A7656801-BDB8-4964-9AF5-F52CB23EC1D8}.Release|Any CPU.Build.0 = Release|Any CPU
		{4C918B7A-72C6-4CBA-9839-C5A9FB564B32}.Debug|Any CPU.ActiveCfg = Debug|Any CPU
		{4C918B7A-72C6-4CBA-9839-C5A9FB564B32}.Debug|Any CPU.Build.0 = Debug|Any CPU
		{4C918B7A-72C6-4CBA-9839-C5A9FB564B32}.Debug-Fast|Any CPU.ActiveCfg = Debug-Fast|Any CPU
		{4C918B7A-72C6-4CBA-9839-C5A9FB564B32}.Debug-Fast|Any CPU.Build.0 = Debug-Fast|Any CPU
		{4C918B7A-72C6-4CBA-9839-C5A9FB564B32}.Release|Any CPU.ActiveCfg = Release|Any CPU
		{4C918B7A-72C6-4CBA-9839-C5A9FB564B32}.Release|Any CPU.Build.0 = Release|Any CPU
		{E5B7B6AE-8B54-4D78-9E78-A5DA277DD30A}.Debug|Any CPU.ActiveCfg = Debug|Any CPU
		{E5B7B6AE-8B54-4D78-9E78-A5DA277DD30A}.Debug|Any CPU.Build.0 = Debug|Any CPU
		{E5B7B6AE-8B54-4D78-9E78-A5DA277DD30A}.Debug-Fast|Any CPU.ActiveCfg = Debug-Fast|Any CPU
		{E5B7B6AE-8B54-4D78-9E78-A5DA277DD30A}.Debug-Fast|Any CPU.Build.0 = Debug-Fast|Any CPU
		{E5B7B6AE-8B54-4D78-9E78-A5DA277DD30A}.Release|Any CPU.ActiveCfg = Release|Any CPU
		{E5B7B6AE-8B54-4D78-9E78-A5DA277DD30A}.Release|Any CPU.Build.0 = Release|Any CPU
		{A0F59B9B-C8B7-4A91-ACDA-9F35C60D3DBD}.Debug|Any CPU.ActiveCfg = Debug|Any CPU
		{A0F59B9B-C8B7-4A91-ACDA-9F35C60D3DBD}.Debug|Any CPU.Build.0 = Debug|Any CPU
		{A0F59B9B-C8B7-4A91-ACDA-9F35C60D3DBD}.Debug-Fast|Any CPU.ActiveCfg = Debug-Fast|Any CPU
		{A0F59B9B-C8B7-4A91-ACDA-9F35C60D3DBD}.Debug-Fast|Any CPU.Build.0 = Debug-Fast|Any CPU
		{A0F59B9B-C8B7-4A91-ACDA-9F35C60D3DBD}.Release|Any CPU.ActiveCfg = Release|Any CPU
		{A0F59B9B-C8B7-4A91-ACDA-9F35C60D3DBD}.Release|Any CPU.Build.0 = Release|Any CPU
		{D2989666-BA3C-447F-BE90-7A0630C290CB}.Debug|Any CPU.ActiveCfg = Debug|Any CPU
		{D2989666-BA3C-447F-BE90-7A0630C290CB}.Debug|Any CPU.Build.0 = Debug|Any CPU
		{D2989666-BA3C-447F-BE90-7A0630C290CB}.Debug-Fast|Any CPU.ActiveCfg = Debug-Fast|Any CPU
		{D2989666-BA3C-447F-BE90-7A0630C290CB}.Debug-Fast|Any CPU.Build.0 = Debug-Fast|Any CPU
		{D2989666-BA3C-447F-BE90-7A0630C290CB}.Release|Any CPU.ActiveCfg = Release|Any CPU
		{D2989666-BA3C-447F-BE90-7A0630C290CB}.Release|Any CPU.Build.0 = Release|Any CPU
		{087D2157-E9B3-4CE1-8304-89B421328111}.Debug|Any CPU.ActiveCfg = Debug|Any CPU
		{087D2157-E9B3-4CE1-8304-89B421328111}.Debug|Any CPU.Build.0 = Debug|Any CPU
		{087D2157-E9B3-4CE1-8304-89B421328111}.Debug-Fast|Any CPU.ActiveCfg = Debug-Fast|Any CPU
		{087D2157-E9B3-4CE1-8304-89B421328111}.Debug-Fast|Any CPU.Build.0 = Debug-Fast|Any CPU
		{087D2157-E9B3-4CE1-8304-89B421328111}.Release|Any CPU.ActiveCfg = Release|Any CPU
		{087D2157-E9B3-4CE1-8304-89B421328111}.Release|Any CPU.Build.0 = Release|Any CPU
		{1E5CFF3D-3EFF-459B-A302-BA12F5CC6079}.Debug|Any CPU.ActiveCfg = Debug|Any CPU
		{1E5CFF3D-3EFF-459B-A302-BA12F5CC6079}.Debug|Any CPU.Build.0 = Debug|Any CPU
		{1E5CFF3D-3EFF-459B-A302-BA12F5CC6079}.Debug-Fast|Any CPU.ActiveCfg = Debug-Fast|Any CPU
		{1E5CFF3D-3EFF-459B-A302-BA12F5CC6079}.Debug-Fast|Any CPU.Build.0 = Debug-Fast|Any CPU
		{1E5CFF3D-3EFF-459B-A302-BA12F5CC6079}.Release|Any CPU.ActiveCfg = Release|Any CPU
		{1E5CFF3D-3EFF-459B-A302-BA12F5CC6079}.Release|Any CPU.Build.0 = Release|Any CPU
		{20FBEEA4-92C2-409E-9448-219CE60C0041}.Debug|Any CPU.ActiveCfg = Debug|Any CPU
		{20FBEEA4-92C2-409E-9448-219CE60C0041}.Debug|Any CPU.Build.0 = Debug|Any CPU
		{20FBEEA4-92C2-409E-9448-219CE60C0041}.Debug-Fast|Any CPU.ActiveCfg = Debug-Fast|Any CPU
		{20FBEEA4-92C2-409E-9448-219CE60C0041}.Debug-Fast|Any CPU.Build.0 = Debug-Fast|Any CPU
		{20FBEEA4-92C2-409E-9448-219CE60C0041}.Release|Any CPU.ActiveCfg = Release|Any CPU
		{20FBEEA4-92C2-409E-9448-219CE60C0041}.Release|Any CPU.Build.0 = Release|Any CPU
		{ED2CD8E9-1C0F-4CC7-B163-34F72093AF75}.Debug|Any CPU.ActiveCfg = Debug|Any CPU
		{ED2CD8E9-1C0F-4CC7-B163-34F72093AF75}.Debug|Any CPU.Build.0 = Debug|Any CPU
		{ED2CD8E9-1C0F-4CC7-B163-34F72093AF75}.Debug-Fast|Any CPU.ActiveCfg = Debug-Fast|Any CPU
		{ED2CD8E9-1C0F-4CC7-B163-34F72093AF75}.Debug-Fast|Any CPU.Build.0 = Debug-Fast|Any CPU
		{ED2CD8E9-1C0F-4CC7-B163-34F72093AF75}.Release|Any CPU.ActiveCfg = Release|Any CPU
		{ED2CD8E9-1C0F-4CC7-B163-34F72093AF75}.Release|Any CPU.Build.0 = Release|Any CPU
		{DDF02877-DEAE-45EF-B126-38F31C529043}.Debug|Any CPU.ActiveCfg = Debug|Any CPU
		{DDF02877-DEAE-45EF-B126-38F31C529043}.Debug|Any CPU.Build.0 = Debug|Any CPU
		{DDF02877-DEAE-45EF-B126-38F31C529043}.Debug-Fast|Any CPU.ActiveCfg = Debug-Fast|Any CPU
		{DDF02877-DEAE-45EF-B126-38F31C529043}.Debug-Fast|Any CPU.Build.0 = Debug-Fast|Any CPU
		{DDF02877-DEAE-45EF-B126-38F31C529043}.Release|Any CPU.ActiveCfg = Release|Any CPU
		{DDF02877-DEAE-45EF-B126-38F31C529043}.Release|Any CPU.Build.0 = Release|Any CPU
		{D2A6A245-3C4E-4208-B436-BF6DD8E31789}.Debug|Any CPU.ActiveCfg = Debug|Any CPU
		{D2A6A245-3C4E-4208-B436-BF6DD8E31789}.Debug|Any CPU.Build.0 = Debug|Any CPU
		{D2A6A245-3C4E-4208-B436-BF6DD8E31789}.Debug-Fast|Any CPU.ActiveCfg = Debug-Fast|Any CPU
		{D2A6A245-3C4E-4208-B436-BF6DD8E31789}.Debug-Fast|Any CPU.Build.0 = Debug-Fast|Any CPU
		{D2A6A245-3C4E-4208-B436-BF6DD8E31789}.Release|Any CPU.ActiveCfg = Release|Any CPU
		{D2A6A245-3C4E-4208-B436-BF6DD8E31789}.Release|Any CPU.Build.0 = Release|Any CPU
		{932DE238-14C8-4D0E-840A-646E165D9947}.Debug|Any CPU.ActiveCfg = Debug|Any CPU
		{932DE238-14C8-4D0E-840A-646E165D9947}.Debug|Any CPU.Build.0 = Debug|Any CPU
		{932DE238-14C8-4D0E-840A-646E165D9947}.Debug-Fast|Any CPU.ActiveCfg = Debug-Fast|Any CPU
		{932DE238-14C8-4D0E-840A-646E165D9947}.Debug-Fast|Any CPU.Build.0 = Debug-Fast|Any CPU
		{932DE238-14C8-4D0E-840A-646E165D9947}.Release|Any CPU.ActiveCfg = Release|Any CPU
		{932DE238-14C8-4D0E-840A-646E165D9947}.Release|Any CPU.Build.0 = Release|Any CPU
		{CF16AA25-58E4-40A1-9137-40CF48FB38EC}.Debug|Any CPU.ActiveCfg = Debug|Any CPU
		{CF16AA25-58E4-40A1-9137-40CF48FB38EC}.Debug|Any CPU.Build.0 = Debug|Any CPU
		{CF16AA25-58E4-40A1-9137-40CF48FB38EC}.Debug-Fast|Any CPU.ActiveCfg = Debug-Fast|Any CPU
		{CF16AA25-58E4-40A1-9137-40CF48FB38EC}.Debug-Fast|Any CPU.Build.0 = Debug-Fast|Any CPU
		{CF16AA25-58E4-40A1-9137-40CF48FB38EC}.Release|Any CPU.ActiveCfg = Release|Any CPU
		{CF16AA25-58E4-40A1-9137-40CF48FB38EC}.Release|Any CPU.Build.0 = Release|Any CPU
		{EC4799AC-9121-4517-9AEB-1E4702CF1542}.Debug|Any CPU.ActiveCfg = Debug|Any CPU
		{EC4799AC-9121-4517-9AEB-1E4702CF1542}.Debug|Any CPU.Build.0 = Debug|Any CPU
		{EC4799AC-9121-4517-9AEB-1E4702CF1542}.Debug-Fast|Any CPU.ActiveCfg = Debug-Fast|Any CPU
		{EC4799AC-9121-4517-9AEB-1E4702CF1542}.Debug-Fast|Any CPU.Build.0 = Debug-Fast|Any CPU
		{EC4799AC-9121-4517-9AEB-1E4702CF1542}.Release|Any CPU.ActiveCfg = Release|Any CPU
		{EC4799AC-9121-4517-9AEB-1E4702CF1542}.Release|Any CPU.Build.0 = Release|Any CPU
		{D6D627D3-3C46-4908-8EC8-78760C2BB374}.Debug|Any CPU.ActiveCfg = Debug|Any CPU
		{D6D627D3-3C46-4908-8EC8-78760C2BB374}.Debug|Any CPU.Build.0 = Debug|Any CPU
		{D6D627D3-3C46-4908-8EC8-78760C2BB374}.Debug-Fast|Any CPU.ActiveCfg = Debug-Fast|Any CPU
		{D6D627D3-3C46-4908-8EC8-78760C2BB374}.Debug-Fast|Any CPU.Build.0 = Debug-Fast|Any CPU
		{D6D627D3-3C46-4908-8EC8-78760C2BB374}.Release|Any CPU.ActiveCfg = Release|Any CPU
		{D6D627D3-3C46-4908-8EC8-78760C2BB374}.Release|Any CPU.Build.0 = Release|Any CPU
		{779AEDF3-DD8D-44F5-BBD2-012A2F550EF3}.Debug|Any CPU.ActiveCfg = Debug|Any CPU
		{779AEDF3-DD8D-44F5-BBD2-012A2F550EF3}.Debug|Any CPU.Build.0 = Debug|Any CPU
		{779AEDF3-DD8D-44F5-BBD2-012A2F550EF3}.Debug-Fast|Any CPU.ActiveCfg = Debug-Fast|Any CPU
		{779AEDF3-DD8D-44F5-BBD2-012A2F550EF3}.Debug-Fast|Any CPU.Build.0 = Debug-Fast|Any CPU
		{779AEDF3-DD8D-44F5-BBD2-012A2F550EF3}.Release|Any CPU.ActiveCfg = Release|Any CPU
		{779AEDF3-DD8D-44F5-BBD2-012A2F550EF3}.Release|Any CPU.Build.0 = Release|Any CPU
		{C80AF7A1-7FAB-4EC1-9734-4D416BECA551}.Debug|Any CPU.ActiveCfg = Debug|Any CPU
		{C80AF7A1-7FAB-4EC1-9734-4D416BECA551}.Debug|Any CPU.Build.0 = Debug|Any CPU
		{C80AF7A1-7FAB-4EC1-9734-4D416BECA551}.Debug-Fast|Any CPU.ActiveCfg = Debug-Fast|Any CPU
		{C80AF7A1-7FAB-4EC1-9734-4D416BECA551}.Debug-Fast|Any CPU.Build.0 = Debug-Fast|Any CPU
		{C80AF7A1-7FAB-4EC1-9734-4D416BECA551}.Release|Any CPU.ActiveCfg = Release|Any CPU
		{C80AF7A1-7FAB-4EC1-9734-4D416BECA551}.Release|Any CPU.Build.0 = Release|Any CPU
		{3966C6FA-CF05-466A-8B4C-4CA3F147BDAF}.Debug|Any CPU.ActiveCfg = Debug|Any CPU
		{3966C6FA-CF05-466A-8B4C-4CA3F147BDAF}.Debug|Any CPU.Build.0 = Debug|Any CPU
		{3966C6FA-CF05-466A-8B4C-4CA3F147BDAF}.Debug-Fast|Any CPU.ActiveCfg = Debug-Fast|Any CPU
		{3966C6FA-CF05-466A-8B4C-4CA3F147BDAF}.Debug-Fast|Any CPU.Build.0 = Debug-Fast|Any CPU
		{3966C6FA-CF05-466A-8B4C-4CA3F147BDAF}.Release|Any CPU.ActiveCfg = Release|Any CPU
		{3966C6FA-CF05-466A-8B4C-4CA3F147BDAF}.Release|Any CPU.Build.0 = Release|Any CPU
		{BED3CC71-3403-40F3-AF2F-FC830FE3B38E}.Debug|Any CPU.ActiveCfg = Debug|Any CPU
		{BED3CC71-3403-40F3-AF2F-FC830FE3B38E}.Debug|Any CPU.Build.0 = Debug|Any CPU
		{BED3CC71-3403-40F3-AF2F-FC830FE3B38E}.Debug-Fast|Any CPU.ActiveCfg = Debug-Fast|Any CPU
		{BED3CC71-3403-40F3-AF2F-FC830FE3B38E}.Debug-Fast|Any CPU.Build.0 = Debug-Fast|Any CPU
		{BED3CC71-3403-40F3-AF2F-FC830FE3B38E}.Release|Any CPU.ActiveCfg = Release|Any CPU
		{BED3CC71-3403-40F3-AF2F-FC830FE3B38E}.Release|Any CPU.Build.0 = Release|Any CPU
		{645DC5B8-026F-4D2F-B96D-24A71C87854F}.Debug|Any CPU.ActiveCfg = Debug|Any CPU
		{645DC5B8-026F-4D2F-B96D-24A71C87854F}.Debug|Any CPU.Build.0 = Debug|Any CPU
		{645DC5B8-026F-4D2F-B96D-24A71C87854F}.Debug-Fast|Any CPU.ActiveCfg = Debug-Fast|Any CPU
		{645DC5B8-026F-4D2F-B96D-24A71C87854F}.Debug-Fast|Any CPU.Build.0 = Debug-Fast|Any CPU
		{645DC5B8-026F-4D2F-B96D-24A71C87854F}.Release|Any CPU.ActiveCfg = Release|Any CPU
		{645DC5B8-026F-4D2F-B96D-24A71C87854F}.Release|Any CPU.Build.0 = Release|Any CPU
		{E1727C23-C7FD-4FBA-B09F-7160B5947F85}.Debug|Any CPU.ActiveCfg = Debug|Any CPU
		{E1727C23-C7FD-4FBA-B09F-7160B5947F85}.Debug|Any CPU.Build.0 = Debug|Any CPU
		{E1727C23-C7FD-4FBA-B09F-7160B5947F85}.Debug-Fast|Any CPU.ActiveCfg = Debug-Fast|Any CPU
		{E1727C23-C7FD-4FBA-B09F-7160B5947F85}.Debug-Fast|Any CPU.Build.0 = Debug-Fast|Any CPU
		{E1727C23-C7FD-4FBA-B09F-7160B5947F85}.Release|Any CPU.ActiveCfg = Release|Any CPU
		{E1727C23-C7FD-4FBA-B09F-7160B5947F85}.Release|Any CPU.Build.0 = Release|Any CPU
		{07CBEF9C-DB75-4B76-A3A8-76956D1BBE96}.Debug|Any CPU.ActiveCfg = Debug|Any CPU
		{07CBEF9C-DB75-4B76-A3A8-76956D1BBE96}.Debug|Any CPU.Build.0 = Debug|Any CPU
		{07CBEF9C-DB75-4B76-A3A8-76956D1BBE96}.Debug-Fast|Any CPU.ActiveCfg = Debug-Fast|Any CPU
		{07CBEF9C-DB75-4B76-A3A8-76956D1BBE96}.Debug-Fast|Any CPU.Build.0 = Debug-Fast|Any CPU
		{07CBEF9C-DB75-4B76-A3A8-76956D1BBE96}.Release|Any CPU.ActiveCfg = Release|Any CPU
		{07CBEF9C-DB75-4B76-A3A8-76956D1BBE96}.Release|Any CPU.Build.0 = Release|Any CPU
		{D71091AB-F622-4688-8B2B-377C3928F77F}.Debug|Any CPU.ActiveCfg = Debug|Any CPU
		{D71091AB-F622-4688-8B2B-377C3928F77F}.Debug|Any CPU.Build.0 = Debug|Any CPU
		{D71091AB-F622-4688-8B2B-377C3928F77F}.Debug-Fast|Any CPU.ActiveCfg = Debug|Any CPU
		{D71091AB-F622-4688-8B2B-377C3928F77F}.Debug-Fast|Any CPU.Build.0 = Debug|Any CPU
		{D71091AB-F622-4688-8B2B-377C3928F77F}.Release|Any CPU.ActiveCfg = Release|Any CPU
		{D71091AB-F622-4688-8B2B-377C3928F77F}.Release|Any CPU.Build.0 = Release|Any CPU
		{B2483F87-566A-4AFD-9816-42BC6107CB3E}.Debug|Any CPU.ActiveCfg = Debug|Any CPU
		{B2483F87-566A-4AFD-9816-42BC6107CB3E}.Debug|Any CPU.Build.0 = Debug|Any CPU
		{B2483F87-566A-4AFD-9816-42BC6107CB3E}.Debug-Fast|Any CPU.ActiveCfg = Debug|Any CPU
		{B2483F87-566A-4AFD-9816-42BC6107CB3E}.Debug-Fast|Any CPU.Build.0 = Debug|Any CPU
		{B2483F87-566A-4AFD-9816-42BC6107CB3E}.Release|Any CPU.ActiveCfg = Release|Any CPU
		{B2483F87-566A-4AFD-9816-42BC6107CB3E}.Release|Any CPU.Build.0 = Release|Any CPU
		{87F6FCA7-B025-421F-ABBB-D5E6E70A1ECE}.Debug|Any CPU.ActiveCfg = Debug|Any CPU
		{87F6FCA7-B025-421F-ABBB-D5E6E70A1ECE}.Debug|Any CPU.Build.0 = Debug|Any CPU
		{87F6FCA7-B025-421F-ABBB-D5E6E70A1ECE}.Debug-Fast|Any CPU.ActiveCfg = Debug|Any CPU
		{87F6FCA7-B025-421F-ABBB-D5E6E70A1ECE}.Debug-Fast|Any CPU.Build.0 = Debug|Any CPU
		{87F6FCA7-B025-421F-ABBB-D5E6E70A1ECE}.Release|Any CPU.ActiveCfg = Release|Any CPU
		{87F6FCA7-B025-421F-ABBB-D5E6E70A1ECE}.Release|Any CPU.Build.0 = Release|Any CPU
		{D937AADC-277A-462D-B20B-036734B82F7E}.Debug|Any CPU.ActiveCfg = Debug|Any CPU
		{D937AADC-277A-462D-B20B-036734B82F7E}.Debug|Any CPU.Build.0 = Debug|Any CPU
		{D937AADC-277A-462D-B20B-036734B82F7E}.Debug-Fast|Any CPU.ActiveCfg = Debug|Any CPU
		{D937AADC-277A-462D-B20B-036734B82F7E}.Debug-Fast|Any CPU.Build.0 = Debug|Any CPU
		{D937AADC-277A-462D-B20B-036734B82F7E}.Release|Any CPU.ActiveCfg = Release|Any CPU
		{D937AADC-277A-462D-B20B-036734B82F7E}.Release|Any CPU.Build.0 = Release|Any CPU
		{E5289747-CE4D-45A0-B064-8C1EA2F20C35}.Debug|Any CPU.ActiveCfg = Debug|Any CPU
		{E5289747-CE4D-45A0-B064-8C1EA2F20C35}.Debug|Any CPU.Build.0 = Debug|Any CPU
		{E5289747-CE4D-45A0-B064-8C1EA2F20C35}.Debug-Fast|Any CPU.ActiveCfg = Debug|Any CPU
		{E5289747-CE4D-45A0-B064-8C1EA2F20C35}.Debug-Fast|Any CPU.Build.0 = Debug|Any CPU
		{E5289747-CE4D-45A0-B064-8C1EA2F20C35}.Release|Any CPU.ActiveCfg = Release|Any CPU
		{E5289747-CE4D-45A0-B064-8C1EA2F20C35}.Release|Any CPU.Build.0 = Release|Any CPU
		{7198645A-5039-43E9-8FE0-F1972E38C12A}.Debug|Any CPU.ActiveCfg = Debug|Any CPU
		{7198645A-5039-43E9-8FE0-F1972E38C12A}.Debug|Any CPU.Build.0 = Debug|Any CPU
		{7198645A-5039-43E9-8FE0-F1972E38C12A}.Debug-Fast|Any CPU.ActiveCfg = Debug|Any CPU
		{7198645A-5039-43E9-8FE0-F1972E38C12A}.Debug-Fast|Any CPU.Build.0 = Debug|Any CPU
		{7198645A-5039-43E9-8FE0-F1972E38C12A}.Release|Any CPU.ActiveCfg = Release|Any CPU
		{7198645A-5039-43E9-8FE0-F1972E38C12A}.Release|Any CPU.Build.0 = Release|Any CPU
		{004151E2-DE8C-4675-87F5-6E1F086077E6}.Debug|Any CPU.ActiveCfg = Debug|Any CPU
		{004151E2-DE8C-4675-87F5-6E1F086077E6}.Debug|Any CPU.Build.0 = Debug|Any CPU
		{004151E2-DE8C-4675-87F5-6E1F086077E6}.Debug-Fast|Any CPU.ActiveCfg = Debug|Any CPU
		{004151E2-DE8C-4675-87F5-6E1F086077E6}.Debug-Fast|Any CPU.Build.0 = Debug|Any CPU
		{004151E2-DE8C-4675-87F5-6E1F086077E6}.Release|Any CPU.ActiveCfg = Release|Any CPU
		{004151E2-DE8C-4675-87F5-6E1F086077E6}.Release|Any CPU.Build.0 = Release|Any CPU
		{2CD462A0-5AE7-475A-8C52-6B2415089ACE}.Debug|Any CPU.ActiveCfg = Debug|Any CPU
		{2CD462A0-5AE7-475A-8C52-6B2415089ACE}.Debug|Any CPU.Build.0 = Debug|Any CPU
		{2CD462A0-5AE7-475A-8C52-6B2415089ACE}.Debug-Fast|Any CPU.ActiveCfg = Debug|Any CPU
		{2CD462A0-5AE7-475A-8C52-6B2415089ACE}.Debug-Fast|Any CPU.Build.0 = Debug|Any CPU
		{2CD462A0-5AE7-475A-8C52-6B2415089ACE}.Release|Any CPU.ActiveCfg = Release|Any CPU
		{2CD462A0-5AE7-475A-8C52-6B2415089ACE}.Release|Any CPU.Build.0 = Release|Any CPU
		{593A8634-9BA0-4AFD-BBAB-5B96A87D8AA1}.Debug|Any CPU.ActiveCfg = Debug|Any CPU
		{593A8634-9BA0-4AFD-BBAB-5B96A87D8AA1}.Debug|Any CPU.Build.0 = Debug|Any CPU
		{593A8634-9BA0-4AFD-BBAB-5B96A87D8AA1}.Debug-Fast|Any CPU.ActiveCfg = Debug|Any CPU
		{593A8634-9BA0-4AFD-BBAB-5B96A87D8AA1}.Debug-Fast|Any CPU.Build.0 = Debug|Any CPU
		{593A8634-9BA0-4AFD-BBAB-5B96A87D8AA1}.Release|Any CPU.ActiveCfg = Release|Any CPU
		{593A8634-9BA0-4AFD-BBAB-5B96A87D8AA1}.Release|Any CPU.Build.0 = Release|Any CPU
		{058A0C07-2CC7-462D-9777-6B9877BF3CD9}.Debug|Any CPU.ActiveCfg = Debug|Any CPU
		{058A0C07-2CC7-462D-9777-6B9877BF3CD9}.Debug|Any CPU.Build.0 = Debug|Any CPU
		{058A0C07-2CC7-462D-9777-6B9877BF3CD9}.Debug-Fast|Any CPU.ActiveCfg = Debug|Any CPU
		{058A0C07-2CC7-462D-9777-6B9877BF3CD9}.Debug-Fast|Any CPU.Build.0 = Debug|Any CPU
		{058A0C07-2CC7-462D-9777-6B9877BF3CD9}.Release|Any CPU.ActiveCfg = Release|Any CPU
		{058A0C07-2CC7-462D-9777-6B9877BF3CD9}.Release|Any CPU.Build.0 = Release|Any CPU
		{26C68D93-DF6F-4655-9E83-4A34CB8440B4}.Debug|Any CPU.ActiveCfg = Debug|Any CPU
		{26C68D93-DF6F-4655-9E83-4A34CB8440B4}.Debug|Any CPU.Build.0 = Debug|Any CPU
		{26C68D93-DF6F-4655-9E83-4A34CB8440B4}.Debug-Fast|Any CPU.ActiveCfg = Debug|Any CPU
		{26C68D93-DF6F-4655-9E83-4A34CB8440B4}.Debug-Fast|Any CPU.Build.0 = Debug|Any CPU
		{26C68D93-DF6F-4655-9E83-4A34CB8440B4}.Release|Any CPU.ActiveCfg = Release|Any CPU
		{26C68D93-DF6F-4655-9E83-4A34CB8440B4}.Release|Any CPU.Build.0 = Release|Any CPU
		{79205808-12CF-4E65-98ED-4EC2FB3AD0EE}.Debug|Any CPU.ActiveCfg = Debug|Any CPU
		{79205808-12CF-4E65-98ED-4EC2FB3AD0EE}.Debug|Any CPU.Build.0 = Debug|Any CPU
		{79205808-12CF-4E65-98ED-4EC2FB3AD0EE}.Debug-Fast|Any CPU.ActiveCfg = Debug|Any CPU
		{79205808-12CF-4E65-98ED-4EC2FB3AD0EE}.Debug-Fast|Any CPU.Build.0 = Debug|Any CPU
		{79205808-12CF-4E65-98ED-4EC2FB3AD0EE}.Release|Any CPU.ActiveCfg = Release|Any CPU
		{79205808-12CF-4E65-98ED-4EC2FB3AD0EE}.Release|Any CPU.Build.0 = Release|Any CPU
		{61B40A2E-2859-4FFA-86D4-657A6A8A3D6C}.Debug|Any CPU.ActiveCfg = Debug|Any CPU
		{61B40A2E-2859-4FFA-86D4-657A6A8A3D6C}.Debug|Any CPU.Build.0 = Debug|Any CPU
		{61B40A2E-2859-4FFA-86D4-657A6A8A3D6C}.Debug-Fast|Any CPU.ActiveCfg = Debug-Fast|Any CPU
		{61B40A2E-2859-4FFA-86D4-657A6A8A3D6C}.Debug-Fast|Any CPU.Build.0 = Debug-Fast|Any CPU
		{61B40A2E-2859-4FFA-86D4-657A6A8A3D6C}.Release|Any CPU.ActiveCfg = Release|Any CPU
		{61B40A2E-2859-4FFA-86D4-657A6A8A3D6C}.Release|Any CPU.Build.0 = Release|Any CPU
		{B1FF1393-9BE4-49E0-B1C2-BD748EC445B9}.Debug|Any CPU.ActiveCfg = Debug|Any CPU
		{B1FF1393-9BE4-49E0-B1C2-BD748EC445B9}.Debug|Any CPU.Build.0 = Debug|Any CPU
		{B1FF1393-9BE4-49E0-B1C2-BD748EC445B9}.Debug-Fast|Any CPU.ActiveCfg = Debug|Any CPU
		{B1FF1393-9BE4-49E0-B1C2-BD748EC445B9}.Debug-Fast|Any CPU.Build.0 = Debug|Any CPU
		{B1FF1393-9BE4-49E0-B1C2-BD748EC445B9}.Release|Any CPU.ActiveCfg = Release|Any CPU
		{B1FF1393-9BE4-49E0-B1C2-BD748EC445B9}.Release|Any CPU.Build.0 = Release|Any CPU
		{8B2070DD-CBB9-4A42-9938-3814BCEDCEED}.Debug|Any CPU.ActiveCfg = Debug|Any CPU
		{8B2070DD-CBB9-4A42-9938-3814BCEDCEED}.Debug|Any CPU.Build.0 = Debug|Any CPU
		{8B2070DD-CBB9-4A42-9938-3814BCEDCEED}.Debug-Fast|Any CPU.ActiveCfg = Debug|Any CPU
		{8B2070DD-CBB9-4A42-9938-3814BCEDCEED}.Debug-Fast|Any CPU.Build.0 = Debug|Any CPU
		{8B2070DD-CBB9-4A42-9938-3814BCEDCEED}.Release|Any CPU.ActiveCfg = Release|Any CPU
		{8B2070DD-CBB9-4A42-9938-3814BCEDCEED}.Release|Any CPU.Build.0 = Release|Any CPU
		{CC77B666-46A3-4092-AED7-5A380C7E493D}.Debug|Any CPU.ActiveCfg = Debug|Any CPU
		{CC77B666-46A3-4092-AED7-5A380C7E493D}.Debug|Any CPU.Build.0 = Debug|Any CPU
		{CC77B666-46A3-4092-AED7-5A380C7E493D}.Debug-Fast|Any CPU.ActiveCfg = Debug|Any CPU
		{CC77B666-46A3-4092-AED7-5A380C7E493D}.Debug-Fast|Any CPU.Build.0 = Debug|Any CPU
		{CC77B666-46A3-4092-AED7-5A380C7E493D}.Release|Any CPU.ActiveCfg = Release|Any CPU
		{CC77B666-46A3-4092-AED7-5A380C7E493D}.Release|Any CPU.Build.0 = Release|Any CPU
		{F15159CB-BC40-4ABD-B23F-B41320FF16B7}.Debug|Any CPU.ActiveCfg = Debug|Any CPU
		{F15159CB-BC40-4ABD-B23F-B41320FF16B7}.Debug|Any CPU.Build.0 = Debug|Any CPU
		{F15159CB-BC40-4ABD-B23F-B41320FF16B7}.Debug-Fast|Any CPU.ActiveCfg = Debug|Any CPU
		{F15159CB-BC40-4ABD-B23F-B41320FF16B7}.Debug-Fast|Any CPU.Build.0 = Debug|Any CPU
		{F15159CB-BC40-4ABD-B23F-B41320FF16B7}.Release|Any CPU.ActiveCfg = Release|Any CPU
		{F15159CB-BC40-4ABD-B23F-B41320FF16B7}.Release|Any CPU.Build.0 = Release|Any CPU
		{A00BCAB4-8E1B-408A-AD08-D174928BFAA4}.Debug|Any CPU.ActiveCfg = Debug|Any CPU
		{A00BCAB4-8E1B-408A-AD08-D174928BFAA4}.Debug|Any CPU.Build.0 = Debug|Any CPU
		{A00BCAB4-8E1B-408A-AD08-D174928BFAA4}.Debug-Fast|Any CPU.ActiveCfg = Debug|Any CPU
		{A00BCAB4-8E1B-408A-AD08-D174928BFAA4}.Debug-Fast|Any CPU.Build.0 = Debug|Any CPU
		{A00BCAB4-8E1B-408A-AD08-D174928BFAA4}.Release|Any CPU.ActiveCfg = Release|Any CPU
		{A00BCAB4-8E1B-408A-AD08-D174928BFAA4}.Release|Any CPU.Build.0 = Release|Any CPU
		{8C2829AF-67C5-473D-9245-2266E64D9B39}.Debug|Any CPU.ActiveCfg = Debug|Any CPU
		{8C2829AF-67C5-473D-9245-2266E64D9B39}.Debug|Any CPU.Build.0 = Debug|Any CPU
		{8C2829AF-67C5-473D-9245-2266E64D9B39}.Debug-Fast|Any CPU.ActiveCfg = Debug|Any CPU
		{8C2829AF-67C5-473D-9245-2266E64D9B39}.Debug-Fast|Any CPU.Build.0 = Debug|Any CPU
		{8C2829AF-67C5-473D-9245-2266E64D9B39}.Release|Any CPU.ActiveCfg = Release|Any CPU
		{8C2829AF-67C5-473D-9245-2266E64D9B39}.Release|Any CPU.Build.0 = Release|Any CPU
		{CB02DD03-686A-4FA3-B822-518C96197B2F}.Debug|Any CPU.ActiveCfg = Debug|Any CPU
		{CB02DD03-686A-4FA3-B822-518C96197B2F}.Debug|Any CPU.Build.0 = Debug|Any CPU
		{CB02DD03-686A-4FA3-B822-518C96197B2F}.Debug-Fast|Any CPU.ActiveCfg = Debug|Any CPU
		{CB02DD03-686A-4FA3-B822-518C96197B2F}.Debug-Fast|Any CPU.Build.0 = Debug|Any CPU
		{CB02DD03-686A-4FA3-B822-518C96197B2F}.Release|Any CPU.ActiveCfg = Release|Any CPU
		{CB02DD03-686A-4FA3-B822-518C96197B2F}.Release|Any CPU.Build.0 = Release|Any CPU
		{64FB4824-3282-41EB-A3A2-8BA6420706CB}.Debug|Any CPU.ActiveCfg = Debug|Any CPU
		{64FB4824-3282-41EB-A3A2-8BA6420706CB}.Debug|Any CPU.Build.0 = Debug|Any CPU
		{64FB4824-3282-41EB-A3A2-8BA6420706CB}.Debug-Fast|Any CPU.ActiveCfg = Debug|Any CPU
		{64FB4824-3282-41EB-A3A2-8BA6420706CB}.Debug-Fast|Any CPU.Build.0 = Debug|Any CPU
		{64FB4824-3282-41EB-A3A2-8BA6420706CB}.Release|Any CPU.ActiveCfg = Release|Any CPU
		{64FB4824-3282-41EB-A3A2-8BA6420706CB}.Release|Any CPU.Build.0 = Release|Any CPU
		{E1C45521-0F97-4D7F-B77C-704CA59444D5}.Debug|Any CPU.ActiveCfg = Debug|Any CPU
		{E1C45521-0F97-4D7F-B77C-704CA59444D5}.Debug|Any CPU.Build.0 = Debug|Any CPU
		{E1C45521-0F97-4D7F-B77C-704CA59444D5}.Debug-Fast|Any CPU.ActiveCfg = Debug|Any CPU
		{E1C45521-0F97-4D7F-B77C-704CA59444D5}.Debug-Fast|Any CPU.Build.0 = Debug|Any CPU
		{E1C45521-0F97-4D7F-B77C-704CA59444D5}.Release|Any CPU.ActiveCfg = Release|Any CPU
		{E1C45521-0F97-4D7F-B77C-704CA59444D5}.Release|Any CPU.Build.0 = Release|Any CPU
		{DF633229-EF25-422E-BFB4-48D283FA1ABA}.Debug|Any CPU.ActiveCfg = Debug|Any CPU
		{DF633229-EF25-422E-BFB4-48D283FA1ABA}.Debug|Any CPU.Build.0 = Debug|Any CPU
		{DF633229-EF25-422E-BFB4-48D283FA1ABA}.Debug-Fast|Any CPU.ActiveCfg = Debug|Any CPU
		{DF633229-EF25-422E-BFB4-48D283FA1ABA}.Debug-Fast|Any CPU.Build.0 = Debug|Any CPU
		{DF633229-EF25-422E-BFB4-48D283FA1ABA}.Release|Any CPU.ActiveCfg = Release|Any CPU
		{DF633229-EF25-422E-BFB4-48D283FA1ABA}.Release|Any CPU.Build.0 = Release|Any CPU
		{7073E1E0-85AA-4AA0-AC1A-12FB921CE60F}.Debug|Any CPU.ActiveCfg = Debug|Any CPU
		{7073E1E0-85AA-4AA0-AC1A-12FB921CE60F}.Debug|Any CPU.Build.0 = Debug|Any CPU
		{7073E1E0-85AA-4AA0-AC1A-12FB921CE60F}.Debug-Fast|Any CPU.ActiveCfg = Debug|Any CPU
		{7073E1E0-85AA-4AA0-AC1A-12FB921CE60F}.Debug-Fast|Any CPU.Build.0 = Debug|Any CPU
		{7073E1E0-85AA-4AA0-AC1A-12FB921CE60F}.Release|Any CPU.ActiveCfg = Release|Any CPU
		{7073E1E0-85AA-4AA0-AC1A-12FB921CE60F}.Release|Any CPU.Build.0 = Release|Any CPU
		{44DA5335-094A-44B1-BD62-B58B5ECE77DE}.Debug|Any CPU.ActiveCfg = Debug|Any CPU
		{44DA5335-094A-44B1-BD62-B58B5ECE77DE}.Debug|Any CPU.Build.0 = Debug|Any CPU
		{44DA5335-094A-44B1-BD62-B58B5ECE77DE}.Debug-Fast|Any CPU.ActiveCfg = Debug|Any CPU
		{44DA5335-094A-44B1-BD62-B58B5ECE77DE}.Debug-Fast|Any CPU.Build.0 = Debug|Any CPU
		{44DA5335-094A-44B1-BD62-B58B5ECE77DE}.Release|Any CPU.ActiveCfg = Release|Any CPU
		{44DA5335-094A-44B1-BD62-B58B5ECE77DE}.Release|Any CPU.Build.0 = Release|Any CPU
		{7A6701E2-A2AB-4788-9A92-08C629E92113}.Debug|Any CPU.ActiveCfg = Debug|Any CPU
		{7A6701E2-A2AB-4788-9A92-08C629E92113}.Debug|Any CPU.Build.0 = Debug|Any CPU
		{7A6701E2-A2AB-4788-9A92-08C629E92113}.Debug-Fast|Any CPU.ActiveCfg = Debug|Any CPU
		{7A6701E2-A2AB-4788-9A92-08C629E92113}.Debug-Fast|Any CPU.Build.0 = Debug|Any CPU
		{7A6701E2-A2AB-4788-9A92-08C629E92113}.Release|Any CPU.ActiveCfg = Release|Any CPU
		{7A6701E2-A2AB-4788-9A92-08C629E92113}.Release|Any CPU.Build.0 = Release|Any CPU
		{8132D1F0-6132-446C-96A8-2CA1D000E49B}.Debug|Any CPU.ActiveCfg = Debug|Any CPU
		{8132D1F0-6132-446C-96A8-2CA1D000E49B}.Debug|Any CPU.Build.0 = Debug|Any CPU
		{8132D1F0-6132-446C-96A8-2CA1D000E49B}.Debug-Fast|Any CPU.ActiveCfg = Debug|Any CPU
		{8132D1F0-6132-446C-96A8-2CA1D000E49B}.Debug-Fast|Any CPU.Build.0 = Debug|Any CPU
		{8132D1F0-6132-446C-96A8-2CA1D000E49B}.Release|Any CPU.ActiveCfg = Release|Any CPU
		{8132D1F0-6132-446C-96A8-2CA1D000E49B}.Release|Any CPU.Build.0 = Release|Any CPU
		{3B3EE791-6679-4872-9298-53D2AB0D221A}.Debug|Any CPU.ActiveCfg = Debug|Any CPU
		{3B3EE791-6679-4872-9298-53D2AB0D221A}.Debug|Any CPU.Build.0 = Debug|Any CPU
		{3B3EE791-6679-4872-9298-53D2AB0D221A}.Debug-Fast|Any CPU.ActiveCfg = Debug|Any CPU
		{3B3EE791-6679-4872-9298-53D2AB0D221A}.Debug-Fast|Any CPU.Build.0 = Debug|Any CPU
		{3B3EE791-6679-4872-9298-53D2AB0D221A}.Release|Any CPU.ActiveCfg = Release|Any CPU
		{3B3EE791-6679-4872-9298-53D2AB0D221A}.Release|Any CPU.Build.0 = Release|Any CPU
		{4A92AF25-7EEF-4BCF-A295-3584CF58F2EC}.Debug|Any CPU.ActiveCfg = Debug|Any CPU
		{4A92AF25-7EEF-4BCF-A295-3584CF58F2EC}.Debug|Any CPU.Build.0 = Debug|Any CPU
		{4A92AF25-7EEF-4BCF-A295-3584CF58F2EC}.Debug-Fast|Any CPU.ActiveCfg = Debug|Any CPU
		{4A92AF25-7EEF-4BCF-A295-3584CF58F2EC}.Debug-Fast|Any CPU.Build.0 = Debug|Any CPU
		{4A92AF25-7EEF-4BCF-A295-3584CF58F2EC}.Release|Any CPU.ActiveCfg = Release|Any CPU
		{4A92AF25-7EEF-4BCF-A295-3584CF58F2EC}.Release|Any CPU.Build.0 = Release|Any CPU
		{A184E0EB-C509-4FA5-B2B3-A6CFE6265276}.Debug|Any CPU.ActiveCfg = Debug|Any CPU
		{A184E0EB-C509-4FA5-B2B3-A6CFE6265276}.Debug|Any CPU.Build.0 = Debug|Any CPU
		{A184E0EB-C509-4FA5-B2B3-A6CFE6265276}.Debug-Fast|Any CPU.ActiveCfg = Debug|Any CPU
		{A184E0EB-C509-4FA5-B2B3-A6CFE6265276}.Debug-Fast|Any CPU.Build.0 = Debug|Any CPU
		{A184E0EB-C509-4FA5-B2B3-A6CFE6265276}.Release|Any CPU.ActiveCfg = Release|Any CPU
		{A184E0EB-C509-4FA5-B2B3-A6CFE6265276}.Release|Any CPU.Build.0 = Release|Any CPU
		{5E7B47B5-2484-4513-ADA5-F0B15589A85E}.Debug|Any CPU.ActiveCfg = Debug|Any CPU
		{5E7B47B5-2484-4513-ADA5-F0B15589A85E}.Debug|Any CPU.Build.0 = Debug|Any CPU
		{5E7B47B5-2484-4513-ADA5-F0B15589A85E}.Debug-Fast|Any CPU.ActiveCfg = Debug|Any CPU
		{5E7B47B5-2484-4513-ADA5-F0B15589A85E}.Debug-Fast|Any CPU.Build.0 = Debug|Any CPU
		{5E7B47B5-2484-4513-ADA5-F0B15589A85E}.Release|Any CPU.ActiveCfg = Release|Any CPU
		{5E7B47B5-2484-4513-ADA5-F0B15589A85E}.Release|Any CPU.Build.0 = Release|Any CPU
		{C15938D6-CCF3-4CBC-8CDA-404BA0653777}.Debug|Any CPU.ActiveCfg = Debug|Any CPU
		{C15938D6-CCF3-4CBC-8CDA-404BA0653777}.Debug|Any CPU.Build.0 = Debug|Any CPU
		{C15938D6-CCF3-4CBC-8CDA-404BA0653777}.Debug-Fast|Any CPU.ActiveCfg = Debug|Any CPU
		{C15938D6-CCF3-4CBC-8CDA-404BA0653777}.Debug-Fast|Any CPU.Build.0 = Debug|Any CPU
		{C15938D6-CCF3-4CBC-8CDA-404BA0653777}.Release|Any CPU.ActiveCfg = Release|Any CPU
		{C15938D6-CCF3-4CBC-8CDA-404BA0653777}.Release|Any CPU.Build.0 = Release|Any CPU
		{D2830192-DD6F-41AE-A95A-E22504CB5D25}.Debug|Any CPU.ActiveCfg = Debug|Any CPU
		{D2830192-DD6F-41AE-A95A-E22504CB5D25}.Debug|Any CPU.Build.0 = Debug|Any CPU
		{D2830192-DD6F-41AE-A95A-E22504CB5D25}.Debug-Fast|Any CPU.ActiveCfg = Debug|Any CPU
		{D2830192-DD6F-41AE-A95A-E22504CB5D25}.Debug-Fast|Any CPU.Build.0 = Debug|Any CPU
		{D2830192-DD6F-41AE-A95A-E22504CB5D25}.Release|Any CPU.ActiveCfg = Release|Any CPU
		{D2830192-DD6F-41AE-A95A-E22504CB5D25}.Release|Any CPU.Build.0 = Release|Any CPU
		{9F542AC5-48AE-4F29-8937-9C1845AAB517}.Debug|Any CPU.ActiveCfg = Debug|Any CPU
		{9F542AC5-48AE-4F29-8937-9C1845AAB517}.Debug|Any CPU.Build.0 = Debug|Any CPU
		{9F542AC5-48AE-4F29-8937-9C1845AAB517}.Debug-Fast|Any CPU.ActiveCfg = Debug|Any CPU
		{9F542AC5-48AE-4F29-8937-9C1845AAB517}.Debug-Fast|Any CPU.Build.0 = Debug|Any CPU
		{9F542AC5-48AE-4F29-8937-9C1845AAB517}.Release|Any CPU.ActiveCfg = Release|Any CPU
		{9F542AC5-48AE-4F29-8937-9C1845AAB517}.Release|Any CPU.Build.0 = Release|Any CPU
		{515CFE25-4890-4CEE-9B5C-C9992D27D39C}.Debug|Any CPU.ActiveCfg = Debug|Any CPU
		{515CFE25-4890-4CEE-9B5C-C9992D27D39C}.Debug|Any CPU.Build.0 = Debug|Any CPU
		{515CFE25-4890-4CEE-9B5C-C9992D27D39C}.Debug-Fast|Any CPU.ActiveCfg = Debug-Fast|Any CPU
		{515CFE25-4890-4CEE-9B5C-C9992D27D39C}.Debug-Fast|Any CPU.Build.0 = Debug-Fast|Any CPU
		{515CFE25-4890-4CEE-9B5C-C9992D27D39C}.Release|Any CPU.ActiveCfg = Release|Any CPU
		{515CFE25-4890-4CEE-9B5C-C9992D27D39C}.Release|Any CPU.Build.0 = Release|Any CPU
		{C36DD639-E354-4D44-ACD9-0B9EB3BA56A4}.Debug|Any CPU.ActiveCfg = Debug|Any CPU
		{C36DD639-E354-4D44-ACD9-0B9EB3BA56A4}.Debug|Any CPU.Build.0 = Debug|Any CPU
		{C36DD639-E354-4D44-ACD9-0B9EB3BA56A4}.Debug-Fast|Any CPU.ActiveCfg = Debug|Any CPU
		{C36DD639-E354-4D44-ACD9-0B9EB3BA56A4}.Debug-Fast|Any CPU.Build.0 = Debug|Any CPU
		{C36DD639-E354-4D44-ACD9-0B9EB3BA56A4}.Release|Any CPU.ActiveCfg = Release|Any CPU
		{C36DD639-E354-4D44-ACD9-0B9EB3BA56A4}.Release|Any CPU.Build.0 = Release|Any CPU
	EndGlobalSection
	GlobalSection(SolutionProperties) = preSolution
		HideSolutionNode = FALSE
	EndGlobalSection
EndGlobal
